// !$*UTF8*$!
{
	archiveVersion = 1;
	classes = {
	};
	objectVersion = 51;
	objects = {

/* Begin PBXBuildFile section */
		8476E20F2716890E0032B909 /* FeedPresenter.swift in Sources */ = {isa = PBXBuildFile; fileRef = 8476E20E2716890E0032B909 /* FeedPresenter.swift */; };
		8476E2112716891D0032B909 /* SignInPresenter.swift in Sources */ = {isa = PBXBuildFile; fileRef = 8476E2102716891D0032B909 /* SignInPresenter.swift */; };
		8476F81F271559A8003F15BC /* Main.storyboard in Resources */ = {isa = PBXBuildFile; fileRef = 8476F81E271559A8003F15BC /* Main.storyboard */; };
		8476F821271559EE003F15BC /* SignInController.swift in Sources */ = {isa = PBXBuildFile; fileRef = 8476F820271559EE003F15BC /* SignInController.swift */; };
		8476F82327157A5F003F15BC /* User.swift in Sources */ = {isa = PBXBuildFile; fileRef = 8476F82227157A5F003F15BC /* User.swift */; };
		847FA2A2271D690400FF9699 /* Media.swift in Sources */ = {isa = PBXBuildFile; fileRef = 847FA2A1271D690400FF9699 /* Media.swift */; };
		84E9C24E271EB38A004AB184 /* CreatePostController.swift in Sources */ = {isa = PBXBuildFile; fileRef = 84E9C24D271EB38A004AB184 /* CreatePostController.swift */; };
		84E9C250271EB76A004AB184 /* CreatePostCell.swift in Sources */ = {isa = PBXBuildFile; fileRef = 84E9C24F271EB76A004AB184 /* CreatePostCell.swift */; };
		AD6C9977272557C500A9FA34 /* TextfieldCell.swift in Sources */ = {isa = PBXBuildFile; fileRef = AD6C9976272557C400A9FA34 /* TextfieldCell.swift */; };
		AD6C99792726900F00A9FA34 /* DetailNews.swift in Sources */ = {isa = PBXBuildFile; fileRef = AD6C99782726900F00A9FA34 /* DetailNews.swift */; };
		AD7D627327242A950014E82E /* DetailImageCell.swift in Sources */ = {isa = PBXBuildFile; fileRef = AD7D627227242A950014E82E /* DetailImageCell.swift */; };
		AD7D6275272432510014E82E /* ImageCell.swift in Sources */ = {isa = PBXBuildFile; fileRef = AD7D6274272432510014E82E /* ImageCell.swift */; };
		AD7D627727244D2B0014E82E /* ContactCell.swift in Sources */ = {isa = PBXBuildFile; fileRef = AD7D627627244D2B0014E82E /* ContactCell.swift */; };
		AD7F1229261CAFFF00EB09F7 /* AppDelegate.swift in Sources */ = {isa = PBXBuildFile; fileRef = AD7F1228261CAFFF00EB09F7 /* AppDelegate.swift */; };
		AD7F122B261CAFFF00EB09F7 /* SceneDelegate.swift in Sources */ = {isa = PBXBuildFile; fileRef = AD7F122A261CAFFF00EB09F7 /* SceneDelegate.swift */; };
		AD7F1233261CAFFF00EB09F7 /* Chiff.xcdatamodeld in Sources */ = {isa = PBXBuildFile; fileRef = AD7F1231261CAFFF00EB09F7 /* Chiff.xcdatamodeld */; };
		AD7F1235261CB00000EB09F7 /* Assets.xcassets in Resources */ = {isa = PBXBuildFile; fileRef = AD7F1234261CB00000EB09F7 /* Assets.xcassets */; };
		AD7F1238261CB00000EB09F7 /* LaunchScreen.storyboard in Resources */ = {isa = PBXBuildFile; fileRef = AD7F1236261CB00000EB09F7 /* LaunchScreen.storyboard */; };
		AD7F1243261CB00100EB09F7 /* ChiffTests.swift in Sources */ = {isa = PBXBuildFile; fileRef = AD7F1242261CB00100EB09F7 /* ChiffTests.swift */; };
		AD7F124E261CB00100EB09F7 /* ChiffUITests.swift in Sources */ = {isa = PBXBuildFile; fileRef = AD7F124D261CB00100EB09F7 /* ChiffUITests.swift */; };
		AD7F1262261CB0C800EB09F7 /* FeedController.swift in Sources */ = {isa = PBXBuildFile; fileRef = AD7F1261261CB0C800EB09F7 /* FeedController.swift */; };
		AD7F1268261CB31200EB09F7 /* FeedCell.swift in Sources */ = {isa = PBXBuildFile; fileRef = AD7F1267261CB31200EB09F7 /* FeedCell.swift */; };
		AD7F1273261CB55E00EB09F7 /* UIView+Layout.swift in Sources */ = {isa = PBXBuildFile; fileRef = AD7F1272261CB55E00EB09F7 /* UIView+Layout.swift */; };
		AD7F1279261CBA2C00EB09F7 /* MainTabBar.swift in Sources */ = {isa = PBXBuildFile; fileRef = AD7F1278261CBA2C00EB09F7 /* MainTabBar.swift */; };
		AD7F12A52621B71C00EB09F7 /* MockupPage.swift in Sources */ = {isa = PBXBuildFile; fileRef = AD7F12A42621B71C00EB09F7 /* MockupPage.swift */; };
		AD7F12AA2621C19E00EB09F7 /* NetworkService.swift in Sources */ = {isa = PBXBuildFile; fileRef = AD7F12A92621C19E00EB09F7 /* NetworkService.swift */; };
		AD7F12B52622E45100EB09F7 /* News.swift in Sources */ = {isa = PBXBuildFile; fileRef = AD7F12B42622E45100EB09F7 /* News.swift */; };
		AD8EFE5E271B45640056F8A8 /* SplashAnimationView.swift in Sources */ = {isa = PBXBuildFile; fileRef = AD8EFE5D271B45640056F8A8 /* SplashAnimationView.swift */; };
		AD8EFE60271B4DE50056F8A8 /* logoAnim.gif in Resources */ = {isa = PBXBuildFile; fileRef = AD8EFE5F271B4DE50056F8A8 /* logoAnim.gif */; };
		AD8EFE63271F2B4F0056F8A8 /* UITextView+Layout.swift in Sources */ = {isa = PBXBuildFile; fileRef = AD8EFE62271F2B4F0056F8A8 /* UITextView+Layout.swift */; };
		AD8EFE65271F3B3A0056F8A8 /* CreatePostImageButtonCell.swift in Sources */ = {isa = PBXBuildFile; fileRef = AD8EFE64271F3B3A0056F8A8 /* CreatePostImageButtonCell.swift */; };
		AD8EFE67272102060056F8A8 /* PostCreate.swift in Sources */ = {isa = PBXBuildFile; fileRef = AD8EFE66272102060056F8A8 /* PostCreate.swift */; };
		AD8EFE6C27231AF10056F8A8 /* DetailController.swift in Sources */ = {isa = PBXBuildFile; fileRef = AD8EFE6B27231AF10056F8A8 /* DetailController.swift */; };
		AD8EFE6E2723C8510056F8A8 /* DetailNameCell.swift in Sources */ = {isa = PBXBuildFile; fileRef = AD8EFE6D2723C8510056F8A8 /* DetailNameCell.swift */; };
		AD8EFE702723D14A0056F8A8 /* DetailDescCell.swift in Sources */ = {isa = PBXBuildFile; fileRef = AD8EFE6F2723D14A0056F8A8 /* DetailDescCell.swift */; };
		AD8EFE722723D37D0056F8A8 /* InfoAuthorCell.swift in Sources */ = {isa = PBXBuildFile; fileRef = AD8EFE712723D37D0056F8A8 /* InfoAuthorCell.swift */; };
		AD8EFE742723EB330056F8A8 /* PaidAdsCell.swift in Sources */ = {isa = PBXBuildFile; fileRef = AD8EFE732723EB330056F8A8 /* PaidAdsCell.swift */; };
		AD956226274A844C00D5FAFF /* CreatePostModel.swift in Sources */ = {isa = PBXBuildFile; fileRef = AD956225274A844B00D5FAFF /* CreatePostModel.swift */; };
		ADA7C964262F37F60067C116 /* Auth.swift in Sources */ = {isa = PBXBuildFile; fileRef = ADA7C963262F37F60067C116 /* Auth.swift */; };
/* End PBXBuildFile section */

/* Begin PBXContainerItemProxy section */
		AD7F123F261CB00100EB09F7 /* PBXContainerItemProxy */ = {
			isa = PBXContainerItemProxy;
			containerPortal = AD7F121D261CAFFF00EB09F7 /* Project object */;
			proxyType = 1;
			remoteGlobalIDString = AD7F1224261CAFFF00EB09F7;
			remoteInfo = Chiff;
		};
		AD7F124A261CB00100EB09F7 /* PBXContainerItemProxy */ = {
			isa = PBXContainerItemProxy;
			containerPortal = AD7F121D261CAFFF00EB09F7 /* Project object */;
			proxyType = 1;
			remoteGlobalIDString = AD7F1224261CAFFF00EB09F7;
			remoteInfo = Chiff;
		};
/* End PBXContainerItemProxy section */

/* Begin PBXFileReference section */
		8476E20E2716890E0032B909 /* FeedPresenter.swift */ = {isa = PBXFileReference; lastKnownFileType = sourcecode.swift; path = FeedPresenter.swift; sourceTree = "<group>"; };
		8476E2102716891D0032B909 /* SignInPresenter.swift */ = {isa = PBXFileReference; lastKnownFileType = sourcecode.swift; path = SignInPresenter.swift; sourceTree = "<group>"; };
		8476F81E271559A8003F15BC /* Main.storyboard */ = {isa = PBXFileReference; lastKnownFileType = file.storyboard; path = Main.storyboard; sourceTree = "<group>"; };
		8476F820271559EE003F15BC /* SignInController.swift */ = {isa = PBXFileReference; lastKnownFileType = sourcecode.swift; path = SignInController.swift; sourceTree = "<group>"; };
		8476F82227157A5F003F15BC /* User.swift */ = {isa = PBXFileReference; lastKnownFileType = sourcecode.swift; path = User.swift; sourceTree = "<group>"; };
		847FA2A1271D690400FF9699 /* Media.swift */ = {isa = PBXFileReference; lastKnownFileType = sourcecode.swift; path = Media.swift; sourceTree = "<group>"; };
		84E9C24D271EB38A004AB184 /* CreatePostController.swift */ = {isa = PBXFileReference; lastKnownFileType = sourcecode.swift; path = CreatePostController.swift; sourceTree = "<group>"; };
		84E9C24F271EB76A004AB184 /* CreatePostCell.swift */ = {isa = PBXFileReference; lastKnownFileType = sourcecode.swift; path = CreatePostCell.swift; sourceTree = "<group>"; };
		AD6C9976272557C400A9FA34 /* TextfieldCell.swift */ = {isa = PBXFileReference; lastKnownFileType = sourcecode.swift; path = TextfieldCell.swift; sourceTree = "<group>"; };
		AD6C99782726900F00A9FA34 /* DetailNews.swift */ = {isa = PBXFileReference; lastKnownFileType = sourcecode.swift; path = DetailNews.swift; sourceTree = "<group>"; };
		AD7D627227242A950014E82E /* DetailImageCell.swift */ = {isa = PBXFileReference; lastKnownFileType = sourcecode.swift; path = DetailImageCell.swift; sourceTree = "<group>"; };
		AD7D6274272432510014E82E /* ImageCell.swift */ = {isa = PBXFileReference; lastKnownFileType = sourcecode.swift; path = ImageCell.swift; sourceTree = "<group>"; };
		AD7D627627244D2B0014E82E /* ContactCell.swift */ = {isa = PBXFileReference; lastKnownFileType = sourcecode.swift; path = ContactCell.swift; sourceTree = "<group>"; };
		AD7F1225261CAFFF00EB09F7 /* Chiff.app */ = {isa = PBXFileReference; explicitFileType = wrapper.application; includeInIndex = 0; path = Chiff.app; sourceTree = BUILT_PRODUCTS_DIR; };
		AD7F1228261CAFFF00EB09F7 /* AppDelegate.swift */ = {isa = PBXFileReference; lastKnownFileType = sourcecode.swift; path = AppDelegate.swift; sourceTree = "<group>"; };
		AD7F122A261CAFFF00EB09F7 /* SceneDelegate.swift */ = {isa = PBXFileReference; lastKnownFileType = sourcecode.swift; path = SceneDelegate.swift; sourceTree = "<group>"; };
		AD7F1232261CAFFF00EB09F7 /* Chiff.xcdatamodel */ = {isa = PBXFileReference; lastKnownFileType = wrapper.xcdatamodel; path = Chiff.xcdatamodel; sourceTree = "<group>"; };
		AD7F1234261CB00000EB09F7 /* Assets.xcassets */ = {isa = PBXFileReference; lastKnownFileType = folder.assetcatalog; path = Assets.xcassets; sourceTree = "<group>"; };
		AD7F1237261CB00000EB09F7 /* Base */ = {isa = PBXFileReference; lastKnownFileType = file.storyboard; name = Base; path = Base.lproj/LaunchScreen.storyboard; sourceTree = "<group>"; };
		AD7F1239261CB00000EB09F7 /* Info.plist */ = {isa = PBXFileReference; lastKnownFileType = text.plist.xml; path = Info.plist; sourceTree = "<group>"; };
		AD7F123E261CB00100EB09F7 /* ChiffTests.xctest */ = {isa = PBXFileReference; explicitFileType = wrapper.cfbundle; includeInIndex = 0; path = ChiffTests.xctest; sourceTree = BUILT_PRODUCTS_DIR; };
		AD7F1242261CB00100EB09F7 /* ChiffTests.swift */ = {isa = PBXFileReference; lastKnownFileType = sourcecode.swift; path = ChiffTests.swift; sourceTree = "<group>"; };
		AD7F1244261CB00100EB09F7 /* Info.plist */ = {isa = PBXFileReference; lastKnownFileType = text.plist.xml; path = Info.plist; sourceTree = "<group>"; };
		AD7F1249261CB00100EB09F7 /* ChiffUITests.xctest */ = {isa = PBXFileReference; explicitFileType = wrapper.cfbundle; includeInIndex = 0; path = ChiffUITests.xctest; sourceTree = BUILT_PRODUCTS_DIR; };
		AD7F124D261CB00100EB09F7 /* ChiffUITests.swift */ = {isa = PBXFileReference; lastKnownFileType = sourcecode.swift; path = ChiffUITests.swift; sourceTree = "<group>"; };
		AD7F124F261CB00100EB09F7 /* Info.plist */ = {isa = PBXFileReference; lastKnownFileType = text.plist.xml; path = Info.plist; sourceTree = "<group>"; };
		AD7F1261261CB0C800EB09F7 /* FeedController.swift */ = {isa = PBXFileReference; lastKnownFileType = sourcecode.swift; path = FeedController.swift; sourceTree = "<group>"; };
		AD7F1267261CB31200EB09F7 /* FeedCell.swift */ = {isa = PBXFileReference; lastKnownFileType = sourcecode.swift; path = FeedCell.swift; sourceTree = "<group>"; };
		AD7F1272261CB55E00EB09F7 /* UIView+Layout.swift */ = {isa = PBXFileReference; lastKnownFileType = sourcecode.swift; path = "UIView+Layout.swift"; sourceTree = "<group>"; };
		AD7F1278261CBA2C00EB09F7 /* MainTabBar.swift */ = {isa = PBXFileReference; lastKnownFileType = sourcecode.swift; path = MainTabBar.swift; sourceTree = "<group>"; };
		AD7F12A42621B71C00EB09F7 /* MockupPage.swift */ = {isa = PBXFileReference; lastKnownFileType = sourcecode.swift; path = MockupPage.swift; sourceTree = "<group>"; };
		AD7F12A92621C19E00EB09F7 /* NetworkService.swift */ = {isa = PBXFileReference; lastKnownFileType = sourcecode.swift; path = NetworkService.swift; sourceTree = "<group>"; };
		AD7F12B42622E45100EB09F7 /* News.swift */ = {isa = PBXFileReference; lastKnownFileType = sourcecode.swift; path = News.swift; sourceTree = "<group>"; };
		AD8EFE5D271B45640056F8A8 /* SplashAnimationView.swift */ = {isa = PBXFileReference; lastKnownFileType = sourcecode.swift; path = SplashAnimationView.swift; sourceTree = "<group>"; };
		AD8EFE5F271B4DE50056F8A8 /* logoAnim.gif */ = {isa = PBXFileReference; lastKnownFileType = image.gif; path = logoAnim.gif; sourceTree = "<group>"; };
		AD8EFE62271F2B4F0056F8A8 /* UITextView+Layout.swift */ = {isa = PBXFileReference; lastKnownFileType = sourcecode.swift; path = "UITextView+Layout.swift"; sourceTree = "<group>"; };
		AD8EFE64271F3B3A0056F8A8 /* CreatePostImageButtonCell.swift */ = {isa = PBXFileReference; lastKnownFileType = sourcecode.swift; path = CreatePostImageButtonCell.swift; sourceTree = "<group>"; };
		AD8EFE66272102060056F8A8 /* PostCreate.swift */ = {isa = PBXFileReference; lastKnownFileType = sourcecode.swift; path = PostCreate.swift; sourceTree = "<group>"; };
		AD8EFE6B27231AF10056F8A8 /* DetailController.swift */ = {isa = PBXFileReference; lastKnownFileType = sourcecode.swift; path = DetailController.swift; sourceTree = "<group>"; };
		AD8EFE6D2723C8510056F8A8 /* DetailNameCell.swift */ = {isa = PBXFileReference; lastKnownFileType = sourcecode.swift; path = DetailNameCell.swift; sourceTree = "<group>"; };
		AD8EFE6F2723D14A0056F8A8 /* DetailDescCell.swift */ = {isa = PBXFileReference; lastKnownFileType = sourcecode.swift; path = DetailDescCell.swift; sourceTree = "<group>"; };
		AD8EFE712723D37D0056F8A8 /* InfoAuthorCell.swift */ = {isa = PBXFileReference; lastKnownFileType = sourcecode.swift; path = InfoAuthorCell.swift; sourceTree = "<group>"; };
		AD8EFE732723EB330056F8A8 /* PaidAdsCell.swift */ = {isa = PBXFileReference; lastKnownFileType = sourcecode.swift; path = PaidAdsCell.swift; sourceTree = "<group>"; };
		AD956225274A844B00D5FAFF /* CreatePostModel.swift */ = {isa = PBXFileReference; lastKnownFileType = sourcecode.swift; path = CreatePostModel.swift; sourceTree = "<group>"; };
		ADA7C963262F37F60067C116 /* Auth.swift */ = {isa = PBXFileReference; lastKnownFileType = sourcecode.swift; path = Auth.swift; sourceTree = "<group>"; };
/* End PBXFileReference section */

/* Begin PBXFrameworksBuildPhase section */
		AD7F1222261CAFFF00EB09F7 /* Frameworks */ = {
			isa = PBXFrameworksBuildPhase;
			buildActionMask = 2147483647;
			files = (
			);
			runOnlyForDeploymentPostprocessing = 0;
		};
		AD7F123B261CB00100EB09F7 /* Frameworks */ = {
			isa = PBXFrameworksBuildPhase;
			buildActionMask = 2147483647;
			files = (
			);
			runOnlyForDeploymentPostprocessing = 0;
		};
		AD7F1246261CB00100EB09F7 /* Frameworks */ = {
			isa = PBXFrameworksBuildPhase;
			buildActionMask = 2147483647;
			files = (
			);
			runOnlyForDeploymentPostprocessing = 0;
		};
/* End PBXFrameworksBuildPhase section */

/* Begin PBXGroup section */
		8476E20D271688C40032B909 /* Entity */ = {
			isa = PBXGroup;
			children = (
				AD7F12B42622E45100EB09F7 /* News.swift */,
				AD8EFE66272102060056F8A8 /* PostCreate.swift */,
				ADA7C963262F37F60067C116 /* Auth.swift */,
				8476F82227157A5F003F15BC /* User.swift */,
				AD6C99782726900F00A9FA34 /* DetailNews.swift */,
				847FA2A1271D690400FF9699 /* Media.swift */,
				AD956225274A844B00D5FAFF /* CreatePostModel.swift */,
			);
			path = Entity;
			sourceTree = "<group>";
		};
		AD7D627127242A7B0014E82E /* Cells */ = {
			isa = PBXGroup;
			children = (
				AD8EFE6F2723D14A0056F8A8 /* DetailDescCell.swift */,
				AD8EFE732723EB330056F8A8 /* PaidAdsCell.swift */,
				AD7D627227242A950014E82E /* DetailImageCell.swift */,
				AD7D627627244D2B0014E82E /* ContactCell.swift */,
				AD7D6274272432510014E82E /* ImageCell.swift */,
				AD8EFE712723D37D0056F8A8 /* InfoAuthorCell.swift */,
				AD8EFE6D2723C8510056F8A8 /* DetailNameCell.swift */,
			);
			name = Cells;
			sourceTree = "<group>";
		};
		AD7F121C261CAFFF00EB09F7 = {
			isa = PBXGroup;
			children = (
				AD7F1227261CAFFF00EB09F7 /* Chiff */,
				AD7F1241261CB00100EB09F7 /* ChiffTests */,
				AD7F124C261CB00100EB09F7 /* ChiffUITests */,
				AD7F1226261CAFFF00EB09F7 /* Products */,
				C49C2E042797680D889AE388 /* Pods */,
			);
			sourceTree = "<group>";
		};
		AD7F1226261CAFFF00EB09F7 /* Products */ = {
			isa = PBXGroup;
			children = (
				AD7F1225261CAFFF00EB09F7 /* Chiff.app */,
				AD7F123E261CB00100EB09F7 /* ChiffTests.xctest */,
				AD7F1249261CB00100EB09F7 /* ChiffUITests.xctest */,
			);
			name = Products;
			sourceTree = "<group>";
		};
		AD7F1227261CAFFF00EB09F7 /* Chiff */ = {
			isa = PBXGroup;
			children = (
				AD7F1228261CAFFF00EB09F7 /* AppDelegate.swift */,
				AD7F122A261CAFFF00EB09F7 /* SceneDelegate.swift */,
				AD7F12B92622F15900EB09F7 /* Model */,
				AD7F12BB2622F1C200EB09F7 /* View */,
				AD7F12BA2622F17400EB09F7 /* Presenter */,
				AD8EFE61271F2B2E0056F8A8 /* Extensions */,
				8476F81E271559A8003F15BC /* Main.storyboard */,
				AD7F1278261CBA2C00EB09F7 /* MainTabBar.swift */,
				AD7F1234261CB00000EB09F7 /* Assets.xcassets */,
				AD7F1236261CB00000EB09F7 /* LaunchScreen.storyboard */,
				AD8EFE5D271B45640056F8A8 /* SplashAnimationView.swift */,
				AD7F1239261CB00000EB09F7 /* Info.plist */,
				AD7F1231261CAFFF00EB09F7 /* Chiff.xcdatamodeld */,
				AD8EFE5F271B4DE50056F8A8 /* logoAnim.gif */,
			);
			path = Chiff;
			sourceTree = "<group>";
		};
		AD7F1241261CB00100EB09F7 /* ChiffTests */ = {
			isa = PBXGroup;
			children = (
				AD7F1242261CB00100EB09F7 /* ChiffTests.swift */,
				AD7F1244261CB00100EB09F7 /* Info.plist */,
			);
			path = ChiffTests;
			sourceTree = "<group>";
		};
		AD7F124C261CB00100EB09F7 /* ChiffUITests */ = {
			isa = PBXGroup;
			children = (
				AD7F124D261CB00100EB09F7 /* ChiffUITests.swift */,
				AD7F124F261CB00100EB09F7 /* Info.plist */,
			);
			path = ChiffUITests;
			sourceTree = "<group>";
		};
		AD7F12B92622F15900EB09F7 /* Model */ = {
			isa = PBXGroup;
			children = (
				AD7F12BC2622F1DB00EB09F7 /* Networking */,
				8476E20D271688C40032B909 /* Entity */,
			);
			path = Model;
			sourceTree = "<group>";
		};
		AD7F12BA2622F17400EB09F7 /* Presenter */ = {
			isa = PBXGroup;
			children = (
				8476E20E2716890E0032B909 /* FeedPresenter.swift */,
				8476E2102716891D0032B909 /* SignInPresenter.swift */,
			);
			name = Presenter;
			sourceTree = "<group>";
		};
		AD7F12BB2622F1C200EB09F7 /* View */ = {
			isa = PBXGroup;
			children = (
				AD8EFE6927231AA70056F8A8 /* FeedScreen */,
				AD7F12A42621B71C00EB09F7 /* MockupPage.swift */,
				8476F820271559EE003F15BC /* SignInController.swift */,
				AD8EFE6A27231ABA0056F8A8 /* DetailScreen */,
				AD8EFE6827231A610056F8A8 /* CreatePostScreen */,
			);
			name = View;
			sourceTree = "<group>";
		};
		AD7F12BC2622F1DB00EB09F7 /* Networking */ = {
			isa = PBXGroup;
			children = (
				AD7F12A92621C19E00EB09F7 /* NetworkService.swift */,
			);
			name = Networking;
			sourceTree = "<group>";
		};
		AD8EFE61271F2B2E0056F8A8 /* Extensions */ = {
			isa = PBXGroup;
			children = (
				AD7F1272261CB55E00EB09F7 /* UIView+Layout.swift */,
				AD8EFE62271F2B4F0056F8A8 /* UITextView+Layout.swift */,
			);
			name = Extensions;
			sourceTree = "<group>";
		};
		AD8EFE6827231A610056F8A8 /* CreatePostScreen */ = {
			isa = PBXGroup;
			children = (
				84E9C24F271EB76A004AB184 /* CreatePostCell.swift */,
				AD6C9976272557C400A9FA34 /* TextfieldCell.swift */,
				84E9C24D271EB38A004AB184 /* CreatePostController.swift */,
				AD8EFE64271F3B3A0056F8A8 /* CreatePostImageButtonCell.swift */,
			);
			name = CreatePostScreen;
			sourceTree = "<group>";
		};
		AD8EFE6927231AA70056F8A8 /* FeedScreen */ = {
			isa = PBXGroup;
			children = (
				AD7F1267261CB31200EB09F7 /* FeedCell.swift */,
				AD7F1261261CB0C800EB09F7 /* FeedController.swift */,
			);
			name = FeedScreen;
			sourceTree = "<group>";
		};
		AD8EFE6A27231ABA0056F8A8 /* DetailScreen */ = {
			isa = PBXGroup;
			children = (
				AD8EFE6B27231AF10056F8A8 /* DetailController.swift */,
				AD7D627127242A7B0014E82E /* Cells */,
			);
			name = DetailScreen;
			sourceTree = "<group>";
		};
		C49C2E042797680D889AE388 /* Pods */ = {
			isa = PBXGroup;
			children = (
			);
			path = Pods;
			sourceTree = "<group>";
		};
/* End PBXGroup section */

/* Begin PBXNativeTarget section */
		AD7F1224261CAFFF00EB09F7 /* Chiff */ = {
			isa = PBXNativeTarget;
			buildConfigurationList = AD7F1252261CB00100EB09F7 /* Build configuration list for PBXNativeTarget "Chiff" */;
			buildPhases = (
				AD7F1221261CAFFF00EB09F7 /* Sources */,
				AD7F1222261CAFFF00EB09F7 /* Frameworks */,
				AD7F1223261CAFFF00EB09F7 /* Resources */,
			);
			buildRules = (
			);
			dependencies = (
			);
			name = Chiff;
			productName = Chiff;
			productReference = AD7F1225261CAFFF00EB09F7 /* Chiff.app */;
			productType = "com.apple.product-type.application";
		};
		AD7F123D261CB00100EB09F7 /* ChiffTests */ = {
			isa = PBXNativeTarget;
			buildConfigurationList = AD7F1255261CB00100EB09F7 /* Build configuration list for PBXNativeTarget "ChiffTests" */;
			buildPhases = (
				AD7F123A261CB00100EB09F7 /* Sources */,
				AD7F123B261CB00100EB09F7 /* Frameworks */,
				AD7F123C261CB00100EB09F7 /* Resources */,
			);
			buildRules = (
			);
			dependencies = (
				AD7F1240261CB00100EB09F7 /* PBXTargetDependency */,
			);
			name = ChiffTests;
			productName = ChiffTests;
			productReference = AD7F123E261CB00100EB09F7 /* ChiffTests.xctest */;
			productType = "com.apple.product-type.bundle.unit-test";
		};
		AD7F1248261CB00100EB09F7 /* ChiffUITests */ = {
			isa = PBXNativeTarget;
			buildConfigurationList = AD7F1258261CB00100EB09F7 /* Build configuration list for PBXNativeTarget "ChiffUITests" */;
			buildPhases = (
				AD7F1245261CB00100EB09F7 /* Sources */,
				AD7F1246261CB00100EB09F7 /* Frameworks */,
				AD7F1247261CB00100EB09F7 /* Resources */,
			);
			buildRules = (
			);
			dependencies = (
				AD7F124B261CB00100EB09F7 /* PBXTargetDependency */,
			);
			name = ChiffUITests;
			productName = ChiffUITests;
			productReference = AD7F1249261CB00100EB09F7 /* ChiffUITests.xctest */;
			productType = "com.apple.product-type.bundle.ui-testing";
		};
/* End PBXNativeTarget section */

/* Begin PBXProject section */
		AD7F121D261CAFFF00EB09F7 /* Project object */ = {
			isa = PBXProject;
			attributes = {
				LastSwiftUpdateCheck = 1240;
				LastUpgradeCheck = 1240;
				TargetAttributes = {
					AD7F1224261CAFFF00EB09F7 = {
						CreatedOnToolsVersion = 12.4;
					};
					AD7F123D261CB00100EB09F7 = {
						CreatedOnToolsVersion = 12.4;
						TestTargetID = AD7F1224261CAFFF00EB09F7;
					};
					AD7F1248261CB00100EB09F7 = {
						CreatedOnToolsVersion = 12.4;
						TestTargetID = AD7F1224261CAFFF00EB09F7;
					};
				};
			};
			buildConfigurationList = AD7F1220261CAFFF00EB09F7 /* Build configuration list for PBXProject "Chiff" */;
			compatibilityVersion = "Xcode 9.3";
			developmentRegion = en;
			hasScannedForEncodings = 0;
			knownRegions = (
				en,
				Base,
			);
			mainGroup = AD7F121C261CAFFF00EB09F7;
			productRefGroup = AD7F1226261CAFFF00EB09F7 /* Products */;
			projectDirPath = "";
			projectRoot = "";
			targets = (
				AD7F1224261CAFFF00EB09F7 /* Chiff */,
				AD7F123D261CB00100EB09F7 /* ChiffTests */,
				AD7F1248261CB00100EB09F7 /* ChiffUITests */,
			);
		};
/* End PBXProject section */

/* Begin PBXResourcesBuildPhase section */
		AD7F1223261CAFFF00EB09F7 /* Resources */ = {
			isa = PBXResourcesBuildPhase;
			buildActionMask = 2147483647;
			files = (
				8476F81F271559A8003F15BC /* Main.storyboard in Resources */,
				AD8EFE60271B4DE50056F8A8 /* logoAnim.gif in Resources */,
				AD7F1238261CB00000EB09F7 /* LaunchScreen.storyboard in Resources */,
				AD7F1235261CB00000EB09F7 /* Assets.xcassets in Resources */,
			);
			runOnlyForDeploymentPostprocessing = 0;
		};
		AD7F123C261CB00100EB09F7 /* Resources */ = {
			isa = PBXResourcesBuildPhase;
			buildActionMask = 2147483647;
			files = (
			);
			runOnlyForDeploymentPostprocessing = 0;
		};
		AD7F1247261CB00100EB09F7 /* Resources */ = {
			isa = PBXResourcesBuildPhase;
			buildActionMask = 2147483647;
			files = (
			);
			runOnlyForDeploymentPostprocessing = 0;
		};
/* End PBXResourcesBuildPhase section */

/* Begin PBXSourcesBuildPhase section */
		AD7F1221261CAFFF00EB09F7 /* Sources */ = {
			isa = PBXSourcesBuildPhase;
			buildActionMask = 2147483647;
			files = (
				AD7D627727244D2B0014E82E /* ContactCell.swift in Sources */,
				AD8EFE722723D37D0056F8A8 /* InfoAuthorCell.swift in Sources */,
				8476F82327157A5F003F15BC /* User.swift in Sources */,
				AD8EFE5E271B45640056F8A8 /* SplashAnimationView.swift in Sources */,
				AD7F1229261CAFFF00EB09F7 /* AppDelegate.swift in Sources */,
				AD7F1268261CB31200EB09F7 /* FeedCell.swift in Sources */,
				AD956226274A844C00D5FAFF /* CreatePostModel.swift in Sources */,
				8476E2112716891D0032B909 /* SignInPresenter.swift in Sources */,
				AD7F1279261CBA2C00EB09F7 /* MainTabBar.swift in Sources */,
				AD7F1273261CB55E00EB09F7 /* UIView+Layout.swift in Sources */,
				AD7F12AA2621C19E00EB09F7 /* NetworkService.swift in Sources */,
				AD8EFE702723D14A0056F8A8 /* DetailDescCell.swift in Sources */,
				AD7F1233261CAFFF00EB09F7 /* Chiff.xcdatamodeld in Sources */,
				AD8EFE67272102060056F8A8 /* PostCreate.swift in Sources */,
				AD8EFE65271F3B3A0056F8A8 /* CreatePostImageButtonCell.swift in Sources */,
				AD8EFE6E2723C8510056F8A8 /* DetailNameCell.swift in Sources */,
				84E9C24E271EB38A004AB184 /* CreatePostController.swift in Sources */,
				AD7D6275272432510014E82E /* ImageCell.swift in Sources */,
				ADA7C964262F37F60067C116 /* Auth.swift in Sources */,
				AD8EFE6C27231AF10056F8A8 /* DetailController.swift in Sources */,
				AD7D627327242A950014E82E /* DetailImageCell.swift in Sources */,
				AD7F122B261CAFFF00EB09F7 /* SceneDelegate.swift in Sources */,
				AD7F1262261CB0C800EB09F7 /* FeedController.swift in Sources */,
				8476F821271559EE003F15BC /* SignInController.swift in Sources */,
				AD6C9977272557C500A9FA34 /* TextfieldCell.swift in Sources */,
				AD8EFE742723EB330056F8A8 /* PaidAdsCell.swift in Sources */,
				AD7F12B52622E45100EB09F7 /* News.swift in Sources */,
				84E9C250271EB76A004AB184 /* CreatePostCell.swift in Sources */,
				AD6C99792726900F00A9FA34 /* DetailNews.swift in Sources */,
				847FA2A2271D690400FF9699 /* Media.swift in Sources */,
				AD8EFE63271F2B4F0056F8A8 /* UITextView+Layout.swift in Sources */,
				8476E20F2716890E0032B909 /* FeedPresenter.swift in Sources */,
				AD7F12A52621B71C00EB09F7 /* MockupPage.swift in Sources */,
			);
			runOnlyForDeploymentPostprocessing = 0;
		};
		AD7F123A261CB00100EB09F7 /* Sources */ = {
			isa = PBXSourcesBuildPhase;
			buildActionMask = 2147483647;
			files = (
				AD7F1243261CB00100EB09F7 /* ChiffTests.swift in Sources */,
			);
			runOnlyForDeploymentPostprocessing = 0;
		};
		AD7F1245261CB00100EB09F7 /* Sources */ = {
			isa = PBXSourcesBuildPhase;
			buildActionMask = 2147483647;
			files = (
				AD7F124E261CB00100EB09F7 /* ChiffUITests.swift in Sources */,
			);
			runOnlyForDeploymentPostprocessing = 0;
		};
/* End PBXSourcesBuildPhase section */

/* Begin PBXTargetDependency section */
		AD7F1240261CB00100EB09F7 /* PBXTargetDependency */ = {
			isa = PBXTargetDependency;
			target = AD7F1224261CAFFF00EB09F7 /* Chiff */;
			targetProxy = AD7F123F261CB00100EB09F7 /* PBXContainerItemProxy */;
		};
		AD7F124B261CB00100EB09F7 /* PBXTargetDependency */ = {
			isa = PBXTargetDependency;
			target = AD7F1224261CAFFF00EB09F7 /* Chiff */;
			targetProxy = AD7F124A261CB00100EB09F7 /* PBXContainerItemProxy */;
		};
/* End PBXTargetDependency section */

/* Begin PBXVariantGroup section */
		AD7F1236261CB00000EB09F7 /* LaunchScreen.storyboard */ = {
			isa = PBXVariantGroup;
			children = (
				AD7F1237261CB00000EB09F7 /* Base */,
			);
			name = LaunchScreen.storyboard;
			sourceTree = "<group>";
		};
/* End PBXVariantGroup section */

/* Begin XCBuildConfiguration section */
		AD7F1250261CB00100EB09F7 /* Debug */ = {
			isa = XCBuildConfiguration;
			buildSettings = {
				ALWAYS_SEARCH_USER_PATHS = NO;
				CLANG_ANALYZER_NONNULL = YES;
				CLANG_ANALYZER_NUMBER_OBJECT_CONVERSION = YES_AGGRESSIVE;
				CLANG_CXX_LANGUAGE_STANDARD = "gnu++14";
				CLANG_CXX_LIBRARY = "libc++";
				CLANG_ENABLE_MODULES = YES;
				CLANG_ENABLE_OBJC_ARC = YES;
				CLANG_ENABLE_OBJC_WEAK = YES;
				CLANG_WARN_BLOCK_CAPTURE_AUTORELEASING = YES;
				CLANG_WARN_BOOL_CONVERSION = YES;
				CLANG_WARN_COMMA = YES;
				CLANG_WARN_CONSTANT_CONVERSION = YES;
				CLANG_WARN_DEPRECATED_OBJC_IMPLEMENTATIONS = YES;
				CLANG_WARN_DIRECT_OBJC_ISA_USAGE = YES_ERROR;
				CLANG_WARN_DOCUMENTATION_COMMENTS = YES;
				CLANG_WARN_EMPTY_BODY = YES;
				CLANG_WARN_ENUM_CONVERSION = YES;
				CLANG_WARN_INFINITE_RECURSION = YES;
				CLANG_WARN_INT_CONVERSION = YES;
				CLANG_WARN_NON_LITERAL_NULL_CONVERSION = YES;
				CLANG_WARN_OBJC_IMPLICIT_RETAIN_SELF = YES;
				CLANG_WARN_OBJC_LITERAL_CONVERSION = YES;
				CLANG_WARN_OBJC_ROOT_CLASS = YES_ERROR;
				CLANG_WARN_QUOTED_INCLUDE_IN_FRAMEWORK_HEADER = YES;
				CLANG_WARN_RANGE_LOOP_ANALYSIS = YES;
				CLANG_WARN_STRICT_PROTOTYPES = YES;
				CLANG_WARN_SUSPICIOUS_MOVE = YES;
				CLANG_WARN_UNGUARDED_AVAILABILITY = YES_AGGRESSIVE;
				CLANG_WARN_UNREACHABLE_CODE = YES;
				CLANG_WARN__DUPLICATE_METHOD_MATCH = YES;
				COPY_PHASE_STRIP = NO;
				DEBUG_INFORMATION_FORMAT = dwarf;
				ENABLE_STRICT_OBJC_MSGSEND = YES;
				ENABLE_TESTABILITY = YES;
				GCC_C_LANGUAGE_STANDARD = gnu11;
				GCC_DYNAMIC_NO_PIC = NO;
				GCC_NO_COMMON_BLOCKS = YES;
				GCC_OPTIMIZATION_LEVEL = 0;
				GCC_PREPROCESSOR_DEFINITIONS = (
					"DEBUG=1",
					"$(inherited)",
				);
				GCC_WARN_64_TO_32_BIT_CONVERSION = YES;
				GCC_WARN_ABOUT_RETURN_TYPE = YES_ERROR;
				GCC_WARN_UNDECLARED_SELECTOR = YES;
				GCC_WARN_UNINITIALIZED_AUTOS = YES_AGGRESSIVE;
				GCC_WARN_UNUSED_FUNCTION = YES;
				GCC_WARN_UNUSED_VARIABLE = YES;
				IPHONEOS_DEPLOYMENT_TARGET = 14.4;
				MTL_ENABLE_DEBUG_INFO = INCLUDE_SOURCE;
				MTL_FAST_MATH = YES;
				ONLY_ACTIVE_ARCH = YES;
				SDKROOT = iphoneos;
				SWIFT_ACTIVE_COMPILATION_CONDITIONS = DEBUG;
				SWIFT_OPTIMIZATION_LEVEL = "-Onone";
			};
			name = Debug;
		};
		AD7F1251261CB00100EB09F7 /* Release */ = {
			isa = XCBuildConfiguration;
			buildSettings = {
				ALWAYS_SEARCH_USER_PATHS = NO;
				CLANG_ANALYZER_NONNULL = YES;
				CLANG_ANALYZER_NUMBER_OBJECT_CONVERSION = YES_AGGRESSIVE;
				CLANG_CXX_LANGUAGE_STANDARD = "gnu++14";
				CLANG_CXX_LIBRARY = "libc++";
				CLANG_ENABLE_MODULES = YES;
				CLANG_ENABLE_OBJC_ARC = YES;
				CLANG_ENABLE_OBJC_WEAK = YES;
				CLANG_WARN_BLOCK_CAPTURE_AUTORELEASING = YES;
				CLANG_WARN_BOOL_CONVERSION = YES;
				CLANG_WARN_COMMA = YES;
				CLANG_WARN_CONSTANT_CONVERSION = YES;
				CLANG_WARN_DEPRECATED_OBJC_IMPLEMENTATIONS = YES;
				CLANG_WARN_DIRECT_OBJC_ISA_USAGE = YES_ERROR;
				CLANG_WARN_DOCUMENTATION_COMMENTS = YES;
				CLANG_WARN_EMPTY_BODY = YES;
				CLANG_WARN_ENUM_CONVERSION = YES;
				CLANG_WARN_INFINITE_RECURSION = YES;
				CLANG_WARN_INT_CONVERSION = YES;
				CLANG_WARN_NON_LITERAL_NULL_CONVERSION = YES;
				CLANG_WARN_OBJC_IMPLICIT_RETAIN_SELF = YES;
				CLANG_WARN_OBJC_LITERAL_CONVERSION = YES;
				CLANG_WARN_OBJC_ROOT_CLASS = YES_ERROR;
				CLANG_WARN_QUOTED_INCLUDE_IN_FRAMEWORK_HEADER = YES;
				CLANG_WARN_RANGE_LOOP_ANALYSIS = YES;
				CLANG_WARN_STRICT_PROTOTYPES = YES;
				CLANG_WARN_SUSPICIOUS_MOVE = YES;
				CLANG_WARN_UNGUARDED_AVAILABILITY = YES_AGGRESSIVE;
				CLANG_WARN_UNREACHABLE_CODE = YES;
				CLANG_WARN__DUPLICATE_METHOD_MATCH = YES;
				COPY_PHASE_STRIP = NO;
				DEBUG_INFORMATION_FORMAT = "dwarf-with-dsym";
				ENABLE_NS_ASSERTIONS = NO;
				ENABLE_STRICT_OBJC_MSGSEND = YES;
				GCC_C_LANGUAGE_STANDARD = gnu11;
				GCC_NO_COMMON_BLOCKS = YES;
				GCC_WARN_64_TO_32_BIT_CONVERSION = YES;
				GCC_WARN_ABOUT_RETURN_TYPE = YES_ERROR;
				GCC_WARN_UNDECLARED_SELECTOR = YES;
				GCC_WARN_UNINITIALIZED_AUTOS = YES_AGGRESSIVE;
				GCC_WARN_UNUSED_FUNCTION = YES;
				GCC_WARN_UNUSED_VARIABLE = YES;
				IPHONEOS_DEPLOYMENT_TARGET = 14.4;
				MTL_ENABLE_DEBUG_INFO = NO;
				MTL_FAST_MATH = YES;
				SDKROOT = iphoneos;
				SWIFT_COMPILATION_MODE = wholemodule;
				SWIFT_OPTIMIZATION_LEVEL = "-O";
				VALIDATE_PRODUCT = YES;
			};
			name = Release;
		};
		AD7F1253261CB00100EB09F7 /* Debug */ = {
			isa = XCBuildConfiguration;
			buildSettings = {
				ASSETCATALOG_COMPILER_APPICON_NAME = AppIcon;
				ASSETCATALOG_COMPILER_GLOBAL_ACCENT_COLOR_NAME = AccentColor;
				CODE_SIGN_STYLE = Automatic;
				DEVELOPMENT_TEAM = ER36S6E3W4;
				INFOPLIST_FILE = Chiff/Info.plist;
				LD_RUNPATH_SEARCH_PATHS = (
					"$(inherited)",
					"@executable_path/Frameworks",
				);
				PRODUCT_BUNDLE_IDENTIFIER = ru.zakirovweb.Chiff;
				PRODUCT_NAME = "$(TARGET_NAME)";
				SWIFT_VERSION = 5.0;
				TARGETED_DEVICE_FAMILY = "1,2";
			};
			name = Debug;
		};
		AD7F1254261CB00100EB09F7 /* Release */ = {
			isa = XCBuildConfiguration;
			buildSettings = {
				ASSETCATALOG_COMPILER_APPICON_NAME = AppIcon;
				ASSETCATALOG_COMPILER_GLOBAL_ACCENT_COLOR_NAME = AccentColor;
				CODE_SIGN_STYLE = Automatic;
				DEVELOPMENT_TEAM = ER36S6E3W4;
				INFOPLIST_FILE = Chiff/Info.plist;
				LD_RUNPATH_SEARCH_PATHS = (
					"$(inherited)",
					"@executable_path/Frameworks",
				);
				PRODUCT_BUNDLE_IDENTIFIER = ru.zakirovweb.Chiff;
				PRODUCT_NAME = "$(TARGET_NAME)";
				SWIFT_VERSION = 5.0;
				TARGETED_DEVICE_FAMILY = "1,2";
			};
			name = Release;
		};
		AD7F1256261CB00100EB09F7 /* Debug */ = {
			isa = XCBuildConfiguration;
			buildSettings = {
				ALWAYS_EMBED_SWIFT_STANDARD_LIBRARIES = YES;
				BUNDLE_LOADER = "$(TEST_HOST)";
				CODE_SIGN_STYLE = Automatic;
				DEVELOPMENT_TEAM = J4B53B6TAD;
				INFOPLIST_FILE = ChiffTests/Info.plist;
				IPHONEOS_DEPLOYMENT_TARGET = 14.4;
				LD_RUNPATH_SEARCH_PATHS = (
					"$(inherited)",
					"@executable_path/Frameworks",
					"@loader_path/Frameworks",
				);
				PRODUCT_BUNDLE_IDENTIFIER = ru.zakirovweb.ChiffTests;
				PRODUCT_NAME = "$(TARGET_NAME)";
				SWIFT_VERSION = 5.0;
				TARGETED_DEVICE_FAMILY = "1,2";
				TEST_HOST = "$(BUILT_PRODUCTS_DIR)/Chiff.app/Chiff";
			};
			name = Debug;
		};
		AD7F1257261CB00100EB09F7 /* Release */ = {
			isa = XCBuildConfiguration;
			buildSettings = {
				ALWAYS_EMBED_SWIFT_STANDARD_LIBRARIES = YES;
				BUNDLE_LOADER = "$(TEST_HOST)";
				CODE_SIGN_STYLE = Automatic;
				DEVELOPMENT_TEAM = J4B53B6TAD;
				INFOPLIST_FILE = ChiffTests/Info.plist;
				IPHONEOS_DEPLOYMENT_TARGET = 14.4;
				LD_RUNPATH_SEARCH_PATHS = (
					"$(inherited)",
					"@executable_path/Frameworks",
					"@loader_path/Frameworks",
				);
				PRODUCT_BUNDLE_IDENTIFIER = ru.zakirovweb.ChiffTests;
				PRODUCT_NAME = "$(TARGET_NAME)";
				SWIFT_VERSION = 5.0;
				TARGETED_DEVICE_FAMILY = "1,2";
				TEST_HOST = "$(BUILT_PRODUCTS_DIR)/Chiff.app/Chiff";
			};
			name = Release;
		};
		AD7F1259261CB00100EB09F7 /* Debug */ = {
			isa = XCBuildConfiguration;
			buildSettings = {
				ALWAYS_EMBED_SWIFT_STANDARD_LIBRARIES = YES;
				CODE_SIGN_STYLE = Automatic;
				DEVELOPMENT_TEAM = J4B53B6TAD;
				INFOPLIST_FILE = ChiffUITests/Info.plist;
				LD_RUNPATH_SEARCH_PATHS = (
					"$(inherited)",
					"@executable_path/Frameworks",
					"@loader_path/Frameworks",
				);
				PRODUCT_BUNDLE_IDENTIFIER = ru.zakirovweb.ChiffUITests;
				PRODUCT_NAME = "$(TARGET_NAME)";
				SWIFT_VERSION = 5.0;
				TARGETED_DEVICE_FAMILY = "1,2";
				TEST_TARGET_NAME = Chiff;
			};
			name = Debug;
		};
		AD7F125A261CB00100EB09F7 /* Release */ = {
			isa = XCBuildConfiguration;
			buildSettings = {
				ALWAYS_EMBED_SWIFT_STANDARD_LIBRARIES = YES;
				CODE_SIGN_STYLE = Automatic;
				DEVELOPMENT_TEAM = J4B53B6TAD;
				INFOPLIST_FILE = ChiffUITests/Info.plist;
				LD_RUNPATH_SEARCH_PATHS = (
					"$(inherited)",
					"@executable_path/Frameworks",
					"@loader_path/Frameworks",
				);
				PRODUCT_BUNDLE_IDENTIFIER = ru.zakirovweb.ChiffUITests;
				PRODUCT_NAME = "$(TARGET_NAME)";
				SWIFT_VERSION = 5.0;
				TARGETED_DEVICE_FAMILY = "1,2";
				TEST_TARGET_NAME = Chiff;
			};
			name = Release;
		};
/* End XCBuildConfiguration section */

/* Begin XCConfigurationList section */
		AD7F1220261CAFFF00EB09F7 /* Build configuration list for PBXProject "Chiff" */ = {
			isa = XCConfigurationList;
			buildConfigurations = (
				AD7F1250261CB00100EB09F7 /* Debug */,
				AD7F1251261CB00100EB09F7 /* Release */,
			);
			defaultConfigurationIsVisible = 0;
			defaultConfigurationName = Release;
		};
		AD7F1252261CB00100EB09F7 /* Build configuration list for PBXNativeTarget "Chiff" */ = {
			isa = XCConfigurationList;
			buildConfigurations = (
				AD7F1253261CB00100EB09F7 /* Debug */,
				AD7F1254261CB00100EB09F7 /* Release */,
			);
			defaultConfigurationIsVisible = 0;
			defaultConfigurationName = Release;
		};
		AD7F1255261CB00100EB09F7 /* Build configuration list for PBXNativeTarget "ChiffTests" */ = {
			isa = XCConfigurationList;
			buildConfigurations = (
				AD7F1256261CB00100EB09F7 /* Debug */,
				AD7F1257261CB00100EB09F7 /* Release */,
			);
			defaultConfigurationIsVisible = 0;
			defaultConfigurationName = Release;
		};
		AD7F1258261CB00100EB09F7 /* Build configuration list for PBXNativeTarget "ChiffUITests" */ = {
			isa = XCConfigurationList;
			buildConfigurations = (
				AD7F1259261CB00100EB09F7 /* Debug */,
				AD7F125A261CB00100EB09F7 /* Release */,
			);
			defaultConfigurationIsVisible = 0;
			defaultConfigurationName = Release;
		};
/* End XCConfigurationList section */

/* Begin XCVersionGroup section */
		AD7F1231261CAFFF00EB09F7 /* Chiff.xcdatamodeld */ = {
			isa = XCVersionGroup;
			children = (
				AD7F1232261CAFFF00EB09F7 /* Chiff.xcdatamodel */,
			);
			currentVersion = AD7F1232261CAFFF00EB09F7 /* Chiff.xcdatamodel */;
			path = Chiff.xcdatamodeld;
			sourceTree = "<group>";
			versionGroupType = wrapper.xcdatamodel;
		};
/* End XCVersionGroup section */
	};
	rootObject = AD7F121D261CAFFF00EB09F7 /* Project object */;
}
