// !$*UTF8*$!
{
	archiveVersion = 1;
	classes = {
	};
	objectVersion = 51;
	objects = {

/* Begin PBXBuildFile section */
		12D75302CEC61E73B87D5B29 /* ChatListPresenter.swift in Sources */ = {isa = PBXBuildFile; fileRef = 2FD63CC46570EFC2AC9B7289 /* ChatListPresenter.swift */; };
		1E8DF8147F36032BDDA99892 /* Pods_Zakshop_ZakshopUITests.framework in Frameworks */ = {isa = PBXBuildFile; fileRef = D635B449A75DE4298D3DAD49 /* Pods_Zakshop_ZakshopUITests.framework */; };
		2C4970484028E8AC49D905EF /* ChatListViewController.swift in Sources */ = {isa = PBXBuildFile; fileRef = 064FA3B93C699D483F18E4D2 /* ChatListViewController.swift */; };
		5661A695D887FEAE090B64DB /* ChatListAssembly.swift in Sources */ = {isa = PBXBuildFile; fileRef = 3EB14034C87E5D4B56B28A94 /* ChatListAssembly.swift */; };
		58E980F7C4BF817DD827B02C /* ChatListRouter.swift in Sources */ = {isa = PBXBuildFile; fileRef = 251F42EEB6BED078B1D99ACB /* ChatListRouter.swift */; };
		61F8C7C5711009259A628924 /* ChatMessagesInteractor.swift in Sources */ = {isa = PBXBuildFile; fileRef = E6A45C8F9701D1F44AA25441 /* ChatMessagesInteractor.swift */; };
		73B634AE87C249694ECE01BC /* ChatMessagesViewController.swift in Sources */ = {isa = PBXBuildFile; fileRef = 63B06ABECD2C4BE15A8C310B /* ChatMessagesViewController.swift */; };
		842B2D4127B26337002E6AE8 /* BaseViewController.swift in Sources */ = {isa = PBXBuildFile; fileRef = 842B2D4027B26337002E6AE8 /* BaseViewController.swift */; };
		842B2D4327B263F0002E6AE8 /* BaseInteractor.swift in Sources */ = {isa = PBXBuildFile; fileRef = 842B2D4227B263F0002E6AE8 /* BaseInteractor.swift */; };
		842B2D4527B26435002E6AE8 /* BasePresenter.swift in Sources */ = {isa = PBXBuildFile; fileRef = 842B2D4427B26435002E6AE8 /* BasePresenter.swift */; };
		842B2D4727B26472002E6AE8 /* BaseRouter.swift in Sources */ = {isa = PBXBuildFile; fileRef = 842B2D4627B26472002E6AE8 /* BaseRouter.swift */; };
		842B2D4927B264E6002E6AE8 /* BaseAssemblyProtocol.swift in Sources */ = {isa = PBXBuildFile; fileRef = 842B2D4827B264E6002E6AE8 /* BaseAssemblyProtocol.swift */; };
		842B2D4D27B26A3C002E6AE8 /* AuthViewController.swift in Sources */ = {isa = PBXBuildFile; fileRef = 842B2D4C27B26A3C002E6AE8 /* AuthViewController.swift */; };
		842B2D4F27B26AC1002E6AE8 /* AuthPresenter.swift in Sources */ = {isa = PBXBuildFile; fileRef = 842B2D4E27B26AC1002E6AE8 /* AuthPresenter.swift */; };
		842B2D5427B26CA3002E6AE8 /* AuthInteractor.swift in Sources */ = {isa = PBXBuildFile; fileRef = 842B2D5327B26CA3002E6AE8 /* AuthInteractor.swift */; };
		842B2D5627B26CE5002E6AE8 /* AuthRouter.swift in Sources */ = {isa = PBXBuildFile; fileRef = 842B2D5527B26CE5002E6AE8 /* AuthRouter.swift */; };
		842B2D5827B26DF2002E6AE8 /* AuthAssembly.swift in Sources */ = {isa = PBXBuildFile; fileRef = 842B2D5727B26DF2002E6AE8 /* AuthAssembly.swift */; };
		8476F82327157A5F003F15BC /* User.swift in Sources */ = {isa = PBXBuildFile; fileRef = 8476F82227157A5F003F15BC /* User.swift */; };
		847D5E2D27C4DDB70031A5BA /* GoogleService-Info.plist in Resources */ = {isa = PBXBuildFile; fileRef = 847D5E2C27C4DDB70031A5BA /* GoogleService-Info.plist */; };
		847FA2A2271D690400FF9699 /* Media.swift in Sources */ = {isa = PBXBuildFile; fileRef = 847FA2A1271D690400FF9699 /* Media.swift */; };
		84E9C250271EB76A004AB184 /* DescriptionPostCell.swift in Sources */ = {isa = PBXBuildFile; fileRef = 84E9C24F271EB76A004AB184 /* DescriptionPostCell.swift */; };
		9541698D9CAFED1D3AF7B91B /* ChatMessagesPresenter.swift in Sources */ = {isa = PBXBuildFile; fileRef = 97687A476B3FE1641E222FB7 /* ChatMessagesPresenter.swift */; };
		97DAE961EA30BCC7CE22017C /* ChatMessagesRouter.swift in Sources */ = {isa = PBXBuildFile; fileRef = 00B8AC120FC1E363811ADFFA /* ChatMessagesRouter.swift */; };
		A97B0ED5EBDD835A5202B5C6 /* ChatListInteractor.swift in Sources */ = {isa = PBXBuildFile; fileRef = B1212EFEC1C87A2F8D35C005 /* ChatListInteractor.swift */; };
		AD47BDD427DE3E8800EDCDCE /* PersonalSignUpViewController.swift in Sources */ = {isa = PBXBuildFile; fileRef = AD47BDD327DE3E8800EDCDCE /* PersonalSignUpViewController.swift */; };
		AD47BDD627DE3EBA00EDCDCE /* PersonalSignUpPresenter.swift in Sources */ = {isa = PBXBuildFile; fileRef = AD47BDD527DE3EBA00EDCDCE /* PersonalSignUpPresenter.swift */; };
		AD47BDD827DE401100EDCDCE /* PersonalSignUpInteractor.swift in Sources */ = {isa = PBXBuildFile; fileRef = AD47BDD727DE401100EDCDCE /* PersonalSignUpInteractor.swift */; };
		AD47BDDA27DE401A00EDCDCE /* PersonalSignUpRouter.swift in Sources */ = {isa = PBXBuildFile; fileRef = AD47BDD927DE401A00EDCDCE /* PersonalSignUpRouter.swift */; };
		AD47BDDC27DE402C00EDCDCE /* PersonalSignUpAssemby.swift in Sources */ = {isa = PBXBuildFile; fileRef = AD47BDDB27DE402C00EDCDCE /* PersonalSignUpAssemby.swift */; };
		AD47BDDE27DE558800EDCDCE /* TitleCell.swift in Sources */ = {isa = PBXBuildFile; fileRef = AD47BDDD27DE558800EDCDCE /* TitleCell.swift */; };
		AD4CA60C27C7CB9000291AC7 /* ForgetPassViewController.swift in Sources */ = {isa = PBXBuildFile; fileRef = AD4CA60B27C7CB9000291AC7 /* ForgetPassViewController.swift */; };
		AD4CA60E27C7CBA500291AC7 /* ForgetPassPresenter.swift in Sources */ = {isa = PBXBuildFile; fileRef = AD4CA60D27C7CBA500291AC7 /* ForgetPassPresenter.swift */; };
		AD4CA61027C7CBB900291AC7 /* ForgetPassInteractor.swift in Sources */ = {isa = PBXBuildFile; fileRef = AD4CA60F27C7CBB900291AC7 /* ForgetPassInteractor.swift */; };
		AD4CA61227C7CBD200291AC7 /* ForgetPassRouter.swift in Sources */ = {isa = PBXBuildFile; fileRef = AD4CA61127C7CBD200291AC7 /* ForgetPassRouter.swift */; };
		AD4CA61427C7CBED00291AC7 /* ForgetPassAssembly.swift in Sources */ = {isa = PBXBuildFile; fileRef = AD4CA61327C7CBED00291AC7 /* ForgetPassAssembly.swift */; };
		AD4CA61B27C7CFED00291AC7 /* FeedViewController.swift in Sources */ = {isa = PBXBuildFile; fileRef = AD4CA61A27C7CFED00291AC7 /* FeedViewController.swift */; };
		AD4CA61D27C7D01F00291AC7 /* FeedPresenter.swift in Sources */ = {isa = PBXBuildFile; fileRef = AD4CA61C27C7D01F00291AC7 /* FeedPresenter.swift */; };
		AD4CA61F27C7D04B00291AC7 /* FeedInteractor.swift in Sources */ = {isa = PBXBuildFile; fileRef = AD4CA61E27C7D04B00291AC7 /* FeedInteractor.swift */; };
		AD4CA62127C7D06200291AC7 /* FeedRouter.swift in Sources */ = {isa = PBXBuildFile; fileRef = AD4CA62027C7D06200291AC7 /* FeedRouter.swift */; };
		AD4CA62327C7D07600291AC7 /* FeedAssembly.swift in Sources */ = {isa = PBXBuildFile; fileRef = AD4CA62227C7D07600291AC7 /* FeedAssembly.swift */; };
		AD6C9977272557C500A9FA34 /* TextfieldCell.swift in Sources */ = {isa = PBXBuildFile; fileRef = AD6C9976272557C400A9FA34 /* TextfieldCell.swift */; };
		AD6C99792726900F00A9FA34 /* DetailNews.swift in Sources */ = {isa = PBXBuildFile; fileRef = AD6C99782726900F00A9FA34 /* DetailNews.swift */; };
		AD7D627327242A950014E82E /* DetailImageCell.swift in Sources */ = {isa = PBXBuildFile; fileRef = AD7D627227242A950014E82E /* DetailImageCell.swift */; };
		AD7D6275272432510014E82E /* ImageCell.swift in Sources */ = {isa = PBXBuildFile; fileRef = AD7D6274272432510014E82E /* ImageCell.swift */; };
		AD7D627727244D2B0014E82E /* ContactCell.swift in Sources */ = {isa = PBXBuildFile; fileRef = AD7D627627244D2B0014E82E /* ContactCell.swift */; };
		AD7F1229261CAFFF00EB09F7 /* AppDelegate.swift in Sources */ = {isa = PBXBuildFile; fileRef = AD7F1228261CAFFF00EB09F7 /* AppDelegate.swift */; };
		AD7F122B261CAFFF00EB09F7 /* SceneDelegate.swift in Sources */ = {isa = PBXBuildFile; fileRef = AD7F122A261CAFFF00EB09F7 /* SceneDelegate.swift */; };
		AD7F1233261CAFFF00EB09F7 /* Chiff.xcdatamodeld in Sources */ = {isa = PBXBuildFile; fileRef = AD7F1231261CAFFF00EB09F7 /* Chiff.xcdatamodeld */; };
		AD7F1235261CB00000EB09F7 /* Assets.xcassets in Resources */ = {isa = PBXBuildFile; fileRef = AD7F1234261CB00000EB09F7 /* Assets.xcassets */; };
		AD7F1238261CB00000EB09F7 /* LaunchScreen.storyboard in Resources */ = {isa = PBXBuildFile; fileRef = AD7F1236261CB00000EB09F7 /* LaunchScreen.storyboard */; };
		AD7F1243261CB00100EB09F7 /* ChiffTests.swift in Sources */ = {isa = PBXBuildFile; fileRef = AD7F1242261CB00100EB09F7 /* ChiffTests.swift */; };
		AD7F124E261CB00100EB09F7 /* ChiffUITests.swift in Sources */ = {isa = PBXBuildFile; fileRef = AD7F124D261CB00100EB09F7 /* ChiffUITests.swift */; };
		AD7F1268261CB31200EB09F7 /* FeedCell.swift in Sources */ = {isa = PBXBuildFile; fileRef = AD7F1267261CB31200EB09F7 /* FeedCell.swift */; };
		AD7F1273261CB55E00EB09F7 /* UIView+Layout.swift in Sources */ = {isa = PBXBuildFile; fileRef = AD7F1272261CB55E00EB09F7 /* UIView+Layout.swift */; };
		AD7F12AA2621C19E00EB09F7 /* NetworkService.swift in Sources */ = {isa = PBXBuildFile; fileRef = AD7F12A92621C19E00EB09F7 /* NetworkService.swift */; };
		AD7F12B52622E45100EB09F7 /* News.swift in Sources */ = {isa = PBXBuildFile; fileRef = AD7F12B42622E45100EB09F7 /* News.swift */; };
		AD8C130C2784C0EE00AD1D20 /* Post.swift in Sources */ = {isa = PBXBuildFile; fileRef = AD8C130B2784C0EE00AD1D20 /* Post.swift */; };
		AD8EFE63271F2B4F0056F8A8 /* UITextView+Layout.swift in Sources */ = {isa = PBXBuildFile; fileRef = AD8EFE62271F2B4F0056F8A8 /* UITextView+Layout.swift */; };
		AD8EFE65271F3B3A0056F8A8 /* CreatePostImageButtonCell.swift in Sources */ = {isa = PBXBuildFile; fileRef = AD8EFE64271F3B3A0056F8A8 /* CreatePostImageButtonCell.swift */; };
		AD8EFE67272102060056F8A8 /* PostCreate.swift in Sources */ = {isa = PBXBuildFile; fileRef = AD8EFE66272102060056F8A8 /* PostCreate.swift */; };
		AD8EFE6E2723C8510056F8A8 /* DetailNameCell.swift in Sources */ = {isa = PBXBuildFile; fileRef = AD8EFE6D2723C8510056F8A8 /* DetailNameCell.swift */; };
		AD8EFE702723D14A0056F8A8 /* DetailDescCell.swift in Sources */ = {isa = PBXBuildFile; fileRef = AD8EFE6F2723D14A0056F8A8 /* DetailDescCell.swift */; };
		AD8EFE722723D37D0056F8A8 /* InfoAuthorCell.swift in Sources */ = {isa = PBXBuildFile; fileRef = AD8EFE712723D37D0056F8A8 /* InfoAuthorCell.swift */; };
		AD8EFE742723EB330056F8A8 /* PaidAdsCell.swift in Sources */ = {isa = PBXBuildFile; fileRef = AD8EFE732723EB330056F8A8 /* PaidAdsCell.swift */; };
		AD938957277F839000B0D925 /* CategoryFeedCell.swift in Sources */ = {isa = PBXBuildFile; fileRef = AD938956277F839000B0D925 /* CategoryFeedCell.swift */; };
		AD938959278034EB00B0D925 /* Categoryes.swift in Sources */ = {isa = PBXBuildFile; fileRef = AD938958278034EB00B0D925 /* Categoryes.swift */; };
		AD956226274A844C00D5FAFF /* CreatePostModel.swift in Sources */ = {isa = PBXBuildFile; fileRef = AD956225274A844B00D5FAFF /* CreatePostModel.swift */; };
		ADA25DC227D3C4FD00DFD875 /* EditProfileViewController.swift in Sources */ = {isa = PBXBuildFile; fileRef = ADA25DC127D3C4FD00DFD875 /* EditProfileViewController.swift */; };
		ADA25DC427D3C50900DFD875 /* EditProfilePresenter.swift in Sources */ = {isa = PBXBuildFile; fileRef = ADA25DC327D3C50900DFD875 /* EditProfilePresenter.swift */; };
		ADA25DC627D3C51400DFD875 /* EditProfileInteractor.swift in Sources */ = {isa = PBXBuildFile; fileRef = ADA25DC527D3C51400DFD875 /* EditProfileInteractor.swift */; };
		ADA25DC827D3C52100DFD875 /* EditProfileRouter.swift in Sources */ = {isa = PBXBuildFile; fileRef = ADA25DC727D3C52100DFD875 /* EditProfileRouter.swift */; };
		ADA25DCA27D3C52E00DFD875 /* EditProfileAssembly.swift in Sources */ = {isa = PBXBuildFile; fileRef = ADA25DC927D3C52E00DFD875 /* EditProfileAssembly.swift */; };
		ADA25DCC27D48B0F00DFD875 /* Categories.swift in Sources */ = {isa = PBXBuildFile; fileRef = ADA25DCB27D48B0F00DFD875 /* Categories.swift */; };
		ADA25DCE27D4D14F00DFD875 /* CreatePostViewController.swift in Sources */ = {isa = PBXBuildFile; fileRef = ADA25DCD27D4D14E00DFD875 /* CreatePostViewController.swift */; };
		ADA25DD027D4D15B00DFD875 /* CreatePostPresenter.swift in Sources */ = {isa = PBXBuildFile; fileRef = ADA25DCF27D4D15B00DFD875 /* CreatePostPresenter.swift */; };
		ADA25DD227D4D16F00DFD875 /* CreatePostInteractor.swift in Sources */ = {isa = PBXBuildFile; fileRef = ADA25DD127D4D16F00DFD875 /* CreatePostInteractor.swift */; };
		ADA25DD427D4D17700DFD875 /* CreatePostRouter.swift in Sources */ = {isa = PBXBuildFile; fileRef = ADA25DD327D4D17700DFD875 /* CreatePostRouter.swift */; };
		ADA25DD627D4D18900DFD875 /* CreatePostAssembly.swift in Sources */ = {isa = PBXBuildFile; fileRef = ADA25DD527D4D18900DFD875 /* CreatePostAssembly.swift */; };
		ADA25DDD27D9173400DFD875 /* EditTextFieldCell.swift in Sources */ = {isa = PBXBuildFile; fileRef = ADA25DDC27D9173200DFD875 /* EditTextFieldCell.swift */; };
		ADA25DDF27DA46C100DFD875 /* EditAvatarCell.swift in Sources */ = {isa = PBXBuildFile; fileRef = ADA25DDE27DA46C100DFD875 /* EditAvatarCell.swift */; };
		ADA25DE127DA4E4800DFD875 /* EditButtonCell.swift in Sources */ = {isa = PBXBuildFile; fileRef = ADA25DE027DA4E4800DFD875 /* EditButtonCell.swift */; };
		ADA7C964262F37F60067C116 /* Auth.swift in Sources */ = {isa = PBXBuildFile; fileRef = ADA7C963262F37F60067C116 /* Auth.swift */; };
		ADA98D4527CA8140009C89ED /* DetailFeedViewController.swift in Sources */ = {isa = PBXBuildFile; fileRef = ADA98D4427CA8140009C89ED /* DetailFeedViewController.swift */; };
		ADA98D4727CA8151009C89ED /* DetailFeedPresenter.swift in Sources */ = {isa = PBXBuildFile; fileRef = ADA98D4627CA8151009C89ED /* DetailFeedPresenter.swift */; };
		ADA98D4927CA815B009C89ED /* DetailFeedInteractor.swift in Sources */ = {isa = PBXBuildFile; fileRef = ADA98D4827CA815B009C89ED /* DetailFeedInteractor.swift */; };
		ADA98D4B27CA8166009C89ED /* DetailFeedRouter.swift in Sources */ = {isa = PBXBuildFile; fileRef = ADA98D4A27CA8166009C89ED /* DetailFeedRouter.swift */; };
		ADA98D4D27CA8171009C89ED /* DetailFeedAssembly.swift in Sources */ = {isa = PBXBuildFile; fileRef = ADA98D4C27CA8171009C89ED /* DetailFeedAssembly.swift */; };
		ADA98D5127CBC89E009C89ED /* HeaderCell.swift in Sources */ = {isa = PBXBuildFile; fileRef = ADA98D5027CBC89E009C89ED /* HeaderCell.swift */; };
		ADA98D5327CC9677009C89ED /* ProfileViewController.swift in Sources */ = {isa = PBXBuildFile; fileRef = ADA98D5227CC9677009C89ED /* ProfileViewController.swift */; };
		ADA98D5527CC9685009C89ED /* ProfileInteractor.swift in Sources */ = {isa = PBXBuildFile; fileRef = ADA98D5427CC9685009C89ED /* ProfileInteractor.swift */; };
		ADA98D5727CC968E009C89ED /* ProfilePresenter.swift in Sources */ = {isa = PBXBuildFile; fileRef = ADA98D5627CC968E009C89ED /* ProfilePresenter.swift */; };
		ADA98D5927CC9697009C89ED /* ProfileRouter.swift in Sources */ = {isa = PBXBuildFile; fileRef = ADA98D5827CC9697009C89ED /* ProfileRouter.swift */; };
		ADA98D5B27CC96B0009C89ED /* ProfileAssembly.swift in Sources */ = {isa = PBXBuildFile; fileRef = ADA98D5A27CC96B0009C89ED /* ProfileAssembly.swift */; };
		ADA98D5E27CCAE31009C89ED /* ProfileHeaderCell.swift in Sources */ = {isa = PBXBuildFile; fileRef = ADA98D5D27CCAE31009C89ED /* ProfileHeaderCell.swift */; };
		ADE1A04927C54BBB00C4B74B /* SignUpViewController.swift in Sources */ = {isa = PBXBuildFile; fileRef = ADE1A04827C54BBB00C4B74B /* SignUpViewController.swift */; };
		ADE1A04B27C54C1B00C4B74B /* SignUpPresenter.swift in Sources */ = {isa = PBXBuildFile; fileRef = ADE1A04A27C54C1B00C4B74B /* SignUpPresenter.swift */; };
		ADE1A04D27C54CB000C4B74B /* SignUpInteractor.swift in Sources */ = {isa = PBXBuildFile; fileRef = ADE1A04C27C54CB000C4B74B /* SignUpInteractor.swift */; };
		ADE1A05127C54D4900C4B74B /* SignUpRouter.swift in Sources */ = {isa = PBXBuildFile; fileRef = ADE1A05027C54D4900C4B74B /* SignUpRouter.swift */; };
		ADE1A05327C54D7E00C4B74B /* SignUpAssembly.swift in Sources */ = {isa = PBXBuildFile; fileRef = ADE1A05227C54D7E00C4B74B /* SignUpAssembly.swift */; };
		ADE1A05527C54DAE00C4B74B /* VIPER_TEMPLATE.swift in Sources */ = {isa = PBXBuildFile; fileRef = ADE1A05427C54DAE00C4B74B /* VIPER_TEMPLATE.swift */; };
		ADE1A05927C639F900C4B74B /* TabBarViewController.swift in Sources */ = {isa = PBXBuildFile; fileRef = ADE1A05827C639F900C4B74B /* TabBarViewController.swift */; };
		ADE1A05B27C63C0200C4B74B /* TabBarPresenter.swift in Sources */ = {isa = PBXBuildFile; fileRef = ADE1A05A27C63C0200C4B74B /* TabBarPresenter.swift */; };
		ADE1A05D27C63C4700C4B74B /* TabBarInteractor.swift in Sources */ = {isa = PBXBuildFile; fileRef = ADE1A05C27C63C4700C4B74B /* TabBarInteractor.swift */; };
		ADE1A05F27C63C5D00C4B74B /* TabBarRouter.swift in Sources */ = {isa = PBXBuildFile; fileRef = ADE1A05E27C63C5D00C4B74B /* TabBarRouter.swift */; };
		ADE1A06127C63C6900C4B74B /* TabBarAssembly.swift in Sources */ = {isa = PBXBuildFile; fileRef = ADE1A06027C63C6900C4B74B /* TabBarAssembly.swift */; };
		ADFB2C1B27E4CA8D00E0E1E5 /* NewUser.swift in Sources */ = {isa = PBXBuildFile; fileRef = ADFB2C1A27E4CA8D00E0E1E5 /* NewUser.swift */; };
		ADFB2C1D27E603E600E0E1E5 /* ChatListCell.swift in Sources */ = {isa = PBXBuildFile; fileRef = ADFB2C1C27E603E600E0E1E5 /* ChatListCell.swift */; };
		ADFB2C1F27E6082500E0E1E5 /* ChatList.swift in Sources */ = {isa = PBXBuildFile; fileRef = ADFB2C1E27E6082500E0E1E5 /* ChatList.swift */; };
		ADFB2C2327E6E13800E0E1E5 /* ReceivedChatCell.swift in Sources */ = {isa = PBXBuildFile; fileRef = ADFB2C2227E6E13800E0E1E5 /* ReceivedChatCell.swift */; };
		ADFB2C2527E6E15000E0E1E5 /* SentChatCell.swift in Sources */ = {isa = PBXBuildFile; fileRef = ADFB2C2427E6E15000E0E1E5 /* SentChatCell.swift */; };
		BA37F5DBE8C35A5D45F6FF7C /* Pods_Zakshop.framework in Frameworks */ = {isa = PBXBuildFile; fileRef = 8819B23643ECB9B883731DC3 /* Pods_Zakshop.framework */; };
		D1C13753BCA82985C84CE867 /* Pods_ZakshopTests.framework in Frameworks */ = {isa = PBXBuildFile; fileRef = FF143C1A4E695442C3AEAAC4 /* Pods_ZakshopTests.framework */; };
		EEE776261E58C3E58EE35AA0 /* ChatMessagesAssembly.swift in Sources */ = {isa = PBXBuildFile; fileRef = 814F3E9A664933CAD74F7FBB /* ChatMessagesAssembly.swift */; };
/* End PBXBuildFile section */

/* Begin PBXContainerItemProxy section */
		AD7F123F261CB00100EB09F7 /* PBXContainerItemProxy */ = {
			isa = PBXContainerItemProxy;
			containerPortal = AD7F121D261CAFFF00EB09F7 /* Project object */;
			proxyType = 1;
			remoteGlobalIDString = AD7F1224261CAFFF00EB09F7;
			remoteInfo = Chiff;
		};
		AD7F124A261CB00100EB09F7 /* PBXContainerItemProxy */ = {
			isa = PBXContainerItemProxy;
			containerPortal = AD7F121D261CAFFF00EB09F7 /* Project object */;
			proxyType = 1;
			remoteGlobalIDString = AD7F1224261CAFFF00EB09F7;
			remoteInfo = Chiff;
		};
/* End PBXContainerItemProxy section */

/* Begin PBXFileReference section */
		00A2B2BA372CB87792E86674 /* Pods-ZakshopTests.release.xcconfig */ = {isa = PBXFileReference; includeInIndex = 1; lastKnownFileType = text.xcconfig; name = "Pods-ZakshopTests.release.xcconfig"; path = "Target Support Files/Pods-ZakshopTests/Pods-ZakshopTests.release.xcconfig"; sourceTree = "<group>"; };
		00B8AC120FC1E363811ADFFA /* ChatMessagesRouter.swift */ = {isa = PBXFileReference; includeInIndex = 1; lastKnownFileType = sourcecode.swift; path = ChatMessagesRouter.swift; sourceTree = "<group>"; };
		0577A25F28436956DC0B71EF /* Pods-Zakshop-ZakshopUITests.debug.xcconfig */ = {isa = PBXFileReference; includeInIndex = 1; lastKnownFileType = text.xcconfig; name = "Pods-Zakshop-ZakshopUITests.debug.xcconfig"; path = "Target Support Files/Pods-Zakshop-ZakshopUITests/Pods-Zakshop-ZakshopUITests.debug.xcconfig"; sourceTree = "<group>"; };
		064FA3B93C699D483F18E4D2 /* ChatListViewController.swift */ = {isa = PBXFileReference; includeInIndex = 1; lastKnownFileType = sourcecode.swift; path = ChatListViewController.swift; sourceTree = "<group>"; };
		1083DA55A2129D462F75542F /* Pods-ZakshopTests.debug.xcconfig */ = {isa = PBXFileReference; includeInIndex = 1; lastKnownFileType = text.xcconfig; name = "Pods-ZakshopTests.debug.xcconfig"; path = "Target Support Files/Pods-ZakshopTests/Pods-ZakshopTests.debug.xcconfig"; sourceTree = "<group>"; };
		251F42EEB6BED078B1D99ACB /* ChatListRouter.swift */ = {isa = PBXFileReference; includeInIndex = 1; lastKnownFileType = sourcecode.swift; path = ChatListRouter.swift; sourceTree = "<group>"; };
		2FD63CC46570EFC2AC9B7289 /* ChatListPresenter.swift */ = {isa = PBXFileReference; includeInIndex = 1; lastKnownFileType = sourcecode.swift; path = ChatListPresenter.swift; sourceTree = "<group>"; };
		3DFEB1D79B390BCC75934114 /* Pods-Chiff-ChiffUITests.release.xcconfig */ = {isa = PBXFileReference; includeInIndex = 1; lastKnownFileType = text.xcconfig; name = "Pods-Chiff-ChiffUITests.release.xcconfig"; path = "Target Support Files/Pods-Chiff-ChiffUITests/Pods-Chiff-ChiffUITests.release.xcconfig"; sourceTree = "<group>"; };
		3EB14034C87E5D4B56B28A94 /* ChatListAssembly.swift */ = {isa = PBXFileReference; includeInIndex = 1; lastKnownFileType = sourcecode.swift; path = ChatListAssembly.swift; sourceTree = "<group>"; };
		63B06ABECD2C4BE15A8C310B /* ChatMessagesViewController.swift */ = {isa = PBXFileReference; includeInIndex = 1; lastKnownFileType = sourcecode.swift; path = ChatMessagesViewController.swift; sourceTree = "<group>"; };
		6A051EBCADEE906E1B9DFE6E /* Pods-Zakshop-ZakshopUITests.release.xcconfig */ = {isa = PBXFileReference; includeInIndex = 1; lastKnownFileType = text.xcconfig; name = "Pods-Zakshop-ZakshopUITests.release.xcconfig"; path = "Target Support Files/Pods-Zakshop-ZakshopUITests/Pods-Zakshop-ZakshopUITests.release.xcconfig"; sourceTree = "<group>"; };
		77551F287AA7E402A66D7AB5 /* Pods-ChiffTests.debug.xcconfig */ = {isa = PBXFileReference; includeInIndex = 1; lastKnownFileType = text.xcconfig; name = "Pods-ChiffTests.debug.xcconfig"; path = "Target Support Files/Pods-ChiffTests/Pods-ChiffTests.debug.xcconfig"; sourceTree = "<group>"; };
		814F3E9A664933CAD74F7FBB /* ChatMessagesAssembly.swift */ = {isa = PBXFileReference; includeInIndex = 1; lastKnownFileType = sourcecode.swift; path = ChatMessagesAssembly.swift; sourceTree = "<group>"; };
		842B2D4027B26337002E6AE8 /* BaseViewController.swift */ = {isa = PBXFileReference; lastKnownFileType = sourcecode.swift; path = BaseViewController.swift; sourceTree = "<group>"; };
		842B2D4227B263F0002E6AE8 /* BaseInteractor.swift */ = {isa = PBXFileReference; lastKnownFileType = sourcecode.swift; path = BaseInteractor.swift; sourceTree = "<group>"; };
		842B2D4427B26435002E6AE8 /* BasePresenter.swift */ = {isa = PBXFileReference; lastKnownFileType = sourcecode.swift; path = BasePresenter.swift; sourceTree = "<group>"; };
		842B2D4627B26472002E6AE8 /* BaseRouter.swift */ = {isa = PBXFileReference; lastKnownFileType = sourcecode.swift; path = BaseRouter.swift; sourceTree = "<group>"; };
		842B2D4827B264E6002E6AE8 /* BaseAssemblyProtocol.swift */ = {isa = PBXFileReference; lastKnownFileType = sourcecode.swift; path = BaseAssemblyProtocol.swift; sourceTree = "<group>"; };
		842B2D4C27B26A3C002E6AE8 /* AuthViewController.swift */ = {isa = PBXFileReference; lastKnownFileType = sourcecode.swift; path = AuthViewController.swift; sourceTree = "<group>"; };
		842B2D4E27B26AC1002E6AE8 /* AuthPresenter.swift */ = {isa = PBXFileReference; lastKnownFileType = sourcecode.swift; path = AuthPresenter.swift; sourceTree = "<group>"; };
		842B2D5327B26CA3002E6AE8 /* AuthInteractor.swift */ = {isa = PBXFileReference; lastKnownFileType = sourcecode.swift; path = AuthInteractor.swift; sourceTree = "<group>"; };
		842B2D5527B26CE5002E6AE8 /* AuthRouter.swift */ = {isa = PBXFileReference; lastKnownFileType = sourcecode.swift; path = AuthRouter.swift; sourceTree = "<group>"; };
		842B2D5727B26DF2002E6AE8 /* AuthAssembly.swift */ = {isa = PBXFileReference; lastKnownFileType = sourcecode.swift; path = AuthAssembly.swift; sourceTree = "<group>"; };
		8476F82227157A5F003F15BC /* User.swift */ = {isa = PBXFileReference; lastKnownFileType = sourcecode.swift; path = User.swift; sourceTree = "<group>"; };
		847D5E2C27C4DDB70031A5BA /* GoogleService-Info.plist */ = {isa = PBXFileReference; fileEncoding = 4; lastKnownFileType = text.plist.xml; path = "GoogleService-Info.plist"; sourceTree = "<group>"; };
		847FA2A1271D690400FF9699 /* Media.swift */ = {isa = PBXFileReference; lastKnownFileType = sourcecode.swift; path = Media.swift; sourceTree = "<group>"; };
		84E9C24F271EB76A004AB184 /* DescriptionPostCell.swift */ = {isa = PBXFileReference; lastKnownFileType = sourcecode.swift; path = DescriptionPostCell.swift; sourceTree = "<group>"; };
		8819B23643ECB9B883731DC3 /* Pods_Zakshop.framework */ = {isa = PBXFileReference; explicitFileType = wrapper.framework; includeInIndex = 0; path = Pods_Zakshop.framework; sourceTree = BUILT_PRODUCTS_DIR; };
		8D52C5812F8D81F2D7C13947 /* Pods-Chiff.debug.xcconfig */ = {isa = PBXFileReference; includeInIndex = 1; lastKnownFileType = text.xcconfig; name = "Pods-Chiff.debug.xcconfig"; path = "Target Support Files/Pods-Chiff/Pods-Chiff.debug.xcconfig"; sourceTree = "<group>"; };
		97687A476B3FE1641E222FB7 /* ChatMessagesPresenter.swift */ = {isa = PBXFileReference; includeInIndex = 1; lastKnownFileType = sourcecode.swift; path = ChatMessagesPresenter.swift; sourceTree = "<group>"; };
		AABE47EDB0A3D1FF5A834195 /* Pods-ChiffTests.release.xcconfig */ = {isa = PBXFileReference; includeInIndex = 1; lastKnownFileType = text.xcconfig; name = "Pods-ChiffTests.release.xcconfig"; path = "Target Support Files/Pods-ChiffTests/Pods-ChiffTests.release.xcconfig"; sourceTree = "<group>"; };
		AD47BDD327DE3E8800EDCDCE /* PersonalSignUpViewController.swift */ = {isa = PBXFileReference; lastKnownFileType = sourcecode.swift; path = PersonalSignUpViewController.swift; sourceTree = "<group>"; };
		AD47BDD527DE3EBA00EDCDCE /* PersonalSignUpPresenter.swift */ = {isa = PBXFileReference; lastKnownFileType = sourcecode.swift; path = PersonalSignUpPresenter.swift; sourceTree = "<group>"; };
		AD47BDD727DE401100EDCDCE /* PersonalSignUpInteractor.swift */ = {isa = PBXFileReference; lastKnownFileType = sourcecode.swift; path = PersonalSignUpInteractor.swift; sourceTree = "<group>"; };
		AD47BDD927DE401A00EDCDCE /* PersonalSignUpRouter.swift */ = {isa = PBXFileReference; lastKnownFileType = sourcecode.swift; path = PersonalSignUpRouter.swift; sourceTree = "<group>"; };
		AD47BDDB27DE402C00EDCDCE /* PersonalSignUpAssemby.swift */ = {isa = PBXFileReference; lastKnownFileType = sourcecode.swift; path = PersonalSignUpAssemby.swift; sourceTree = "<group>"; };
		AD47BDDD27DE558800EDCDCE /* TitleCell.swift */ = {isa = PBXFileReference; lastKnownFileType = sourcecode.swift; path = TitleCell.swift; sourceTree = "<group>"; };
		AD4CA60B27C7CB9000291AC7 /* ForgetPassViewController.swift */ = {isa = PBXFileReference; lastKnownFileType = sourcecode.swift; path = ForgetPassViewController.swift; sourceTree = "<group>"; };
		AD4CA60D27C7CBA500291AC7 /* ForgetPassPresenter.swift */ = {isa = PBXFileReference; lastKnownFileType = sourcecode.swift; path = ForgetPassPresenter.swift; sourceTree = "<group>"; };
		AD4CA60F27C7CBB900291AC7 /* ForgetPassInteractor.swift */ = {isa = PBXFileReference; lastKnownFileType = sourcecode.swift; path = ForgetPassInteractor.swift; sourceTree = "<group>"; };
		AD4CA61127C7CBD200291AC7 /* ForgetPassRouter.swift */ = {isa = PBXFileReference; lastKnownFileType = sourcecode.swift; path = ForgetPassRouter.swift; sourceTree = "<group>"; };
		AD4CA61327C7CBED00291AC7 /* ForgetPassAssembly.swift */ = {isa = PBXFileReference; lastKnownFileType = sourcecode.swift; path = ForgetPassAssembly.swift; sourceTree = "<group>"; };
		AD4CA61A27C7CFED00291AC7 /* FeedViewController.swift */ = {isa = PBXFileReference; lastKnownFileType = sourcecode.swift; path = FeedViewController.swift; sourceTree = "<group>"; };
		AD4CA61C27C7D01F00291AC7 /* FeedPresenter.swift */ = {isa = PBXFileReference; lastKnownFileType = sourcecode.swift; path = FeedPresenter.swift; sourceTree = "<group>"; };
		AD4CA61E27C7D04B00291AC7 /* FeedInteractor.swift */ = {isa = PBXFileReference; lastKnownFileType = sourcecode.swift; path = FeedInteractor.swift; sourceTree = "<group>"; };
		AD4CA62027C7D06200291AC7 /* FeedRouter.swift */ = {isa = PBXFileReference; lastKnownFileType = sourcecode.swift; path = FeedRouter.swift; sourceTree = "<group>"; };
		AD4CA62227C7D07600291AC7 /* FeedAssembly.swift */ = {isa = PBXFileReference; lastKnownFileType = sourcecode.swift; path = FeedAssembly.swift; sourceTree = "<group>"; };
		AD6C9976272557C400A9FA34 /* TextfieldCell.swift */ = {isa = PBXFileReference; lastKnownFileType = sourcecode.swift; path = TextfieldCell.swift; sourceTree = "<group>"; };
		AD6C99782726900F00A9FA34 /* DetailNews.swift */ = {isa = PBXFileReference; lastKnownFileType = sourcecode.swift; path = DetailNews.swift; sourceTree = "<group>"; };
		AD7D627227242A950014E82E /* DetailImageCell.swift */ = {isa = PBXFileReference; lastKnownFileType = sourcecode.swift; path = DetailImageCell.swift; sourceTree = "<group>"; };
		AD7D6274272432510014E82E /* ImageCell.swift */ = {isa = PBXFileReference; lastKnownFileType = sourcecode.swift; path = ImageCell.swift; sourceTree = "<group>"; };
		AD7D627627244D2B0014E82E /* ContactCell.swift */ = {isa = PBXFileReference; lastKnownFileType = sourcecode.swift; path = ContactCell.swift; sourceTree = "<group>"; };
		AD7F1225261CAFFF00EB09F7 /* Zakshop.app */ = {isa = PBXFileReference; explicitFileType = wrapper.application; includeInIndex = 0; path = Zakshop.app; sourceTree = BUILT_PRODUCTS_DIR; };
		AD7F1228261CAFFF00EB09F7 /* AppDelegate.swift */ = {isa = PBXFileReference; lastKnownFileType = sourcecode.swift; path = AppDelegate.swift; sourceTree = "<group>"; };
		AD7F122A261CAFFF00EB09F7 /* SceneDelegate.swift */ = {isa = PBXFileReference; lastKnownFileType = sourcecode.swift; path = SceneDelegate.swift; sourceTree = "<group>"; };
		AD7F1232261CAFFF00EB09F7 /* Chiff.xcdatamodel */ = {isa = PBXFileReference; lastKnownFileType = wrapper.xcdatamodel; path = Chiff.xcdatamodel; sourceTree = "<group>"; };
		AD7F1234261CB00000EB09F7 /* Assets.xcassets */ = {isa = PBXFileReference; lastKnownFileType = folder.assetcatalog; path = Assets.xcassets; sourceTree = "<group>"; };
		AD7F1237261CB00000EB09F7 /* Base */ = {isa = PBXFileReference; lastKnownFileType = file.storyboard; name = Base; path = Base.lproj/LaunchScreen.storyboard; sourceTree = "<group>"; };
		AD7F1239261CB00000EB09F7 /* Info.plist */ = {isa = PBXFileReference; lastKnownFileType = text.plist.xml; path = Info.plist; sourceTree = "<group>"; };
		AD7F123E261CB00100EB09F7 /* ZakshopTests.xctest */ = {isa = PBXFileReference; explicitFileType = wrapper.cfbundle; includeInIndex = 0; path = ZakshopTests.xctest; sourceTree = BUILT_PRODUCTS_DIR; };
		AD7F1242261CB00100EB09F7 /* ChiffTests.swift */ = {isa = PBXFileReference; lastKnownFileType = sourcecode.swift; path = ChiffTests.swift; sourceTree = "<group>"; };
		AD7F1244261CB00100EB09F7 /* Info.plist */ = {isa = PBXFileReference; lastKnownFileType = text.plist.xml; path = Info.plist; sourceTree = "<group>"; };
		AD7F1249261CB00100EB09F7 /* ZakshopUITests.xctest */ = {isa = PBXFileReference; explicitFileType = wrapper.cfbundle; includeInIndex = 0; path = ZakshopUITests.xctest; sourceTree = BUILT_PRODUCTS_DIR; };
		AD7F124D261CB00100EB09F7 /* ChiffUITests.swift */ = {isa = PBXFileReference; lastKnownFileType = sourcecode.swift; path = ChiffUITests.swift; sourceTree = "<group>"; };
		AD7F124F261CB00100EB09F7 /* Info.plist */ = {isa = PBXFileReference; lastKnownFileType = text.plist.xml; path = Info.plist; sourceTree = "<group>"; };
		AD7F1267261CB31200EB09F7 /* FeedCell.swift */ = {isa = PBXFileReference; lastKnownFileType = sourcecode.swift; path = FeedCell.swift; sourceTree = "<group>"; };
		AD7F1272261CB55E00EB09F7 /* UIView+Layout.swift */ = {isa = PBXFileReference; lastKnownFileType = sourcecode.swift; path = "UIView+Layout.swift"; sourceTree = "<group>"; };
		AD7F12A92621C19E00EB09F7 /* NetworkService.swift */ = {isa = PBXFileReference; lastKnownFileType = sourcecode.swift; name = NetworkService.swift; path = Model/NetworkService.swift; sourceTree = "<group>"; };
		AD7F12B42622E45100EB09F7 /* News.swift */ = {isa = PBXFileReference; lastKnownFileType = sourcecode.swift; path = News.swift; sourceTree = "<group>"; };
		AD8C130B2784C0EE00AD1D20 /* Post.swift */ = {isa = PBXFileReference; lastKnownFileType = sourcecode.swift; path = Post.swift; sourceTree = "<group>"; };
		AD8EFE62271F2B4F0056F8A8 /* UITextView+Layout.swift */ = {isa = PBXFileReference; lastKnownFileType = sourcecode.swift; path = "UITextView+Layout.swift"; sourceTree = "<group>"; };
		AD8EFE64271F3B3A0056F8A8 /* CreatePostImageButtonCell.swift */ = {isa = PBXFileReference; lastKnownFileType = sourcecode.swift; path = CreatePostImageButtonCell.swift; sourceTree = "<group>"; };
		AD8EFE66272102060056F8A8 /* PostCreate.swift */ = {isa = PBXFileReference; lastKnownFileType = sourcecode.swift; path = PostCreate.swift; sourceTree = "<group>"; };
		AD8EFE6D2723C8510056F8A8 /* DetailNameCell.swift */ = {isa = PBXFileReference; lastKnownFileType = sourcecode.swift; path = DetailNameCell.swift; sourceTree = "<group>"; };
		AD8EFE6F2723D14A0056F8A8 /* DetailDescCell.swift */ = {isa = PBXFileReference; lastKnownFileType = sourcecode.swift; path = DetailDescCell.swift; sourceTree = "<group>"; };
		AD8EFE712723D37D0056F8A8 /* InfoAuthorCell.swift */ = {isa = PBXFileReference; lastKnownFileType = sourcecode.swift; path = InfoAuthorCell.swift; sourceTree = "<group>"; };
		AD8EFE732723EB330056F8A8 /* PaidAdsCell.swift */ = {isa = PBXFileReference; lastKnownFileType = sourcecode.swift; path = PaidAdsCell.swift; sourceTree = "<group>"; };
		AD938956277F839000B0D925 /* CategoryFeedCell.swift */ = {isa = PBXFileReference; lastKnownFileType = sourcecode.swift; path = CategoryFeedCell.swift; sourceTree = "<group>"; };
		AD938958278034EB00B0D925 /* Categoryes.swift */ = {isa = PBXFileReference; lastKnownFileType = sourcecode.swift; path = Categoryes.swift; sourceTree = "<group>"; };
		AD956225274A844B00D5FAFF /* CreatePostModel.swift */ = {isa = PBXFileReference; lastKnownFileType = sourcecode.swift; path = CreatePostModel.swift; sourceTree = "<group>"; };
		ADA25DC127D3C4FD00DFD875 /* EditProfileViewController.swift */ = {isa = PBXFileReference; lastKnownFileType = sourcecode.swift; path = EditProfileViewController.swift; sourceTree = "<group>"; };
		ADA25DC327D3C50900DFD875 /* EditProfilePresenter.swift */ = {isa = PBXFileReference; lastKnownFileType = sourcecode.swift; path = EditProfilePresenter.swift; sourceTree = "<group>"; };
		ADA25DC527D3C51400DFD875 /* EditProfileInteractor.swift */ = {isa = PBXFileReference; lastKnownFileType = sourcecode.swift; path = EditProfileInteractor.swift; sourceTree = "<group>"; };
		ADA25DC727D3C52100DFD875 /* EditProfileRouter.swift */ = {isa = PBXFileReference; lastKnownFileType = sourcecode.swift; path = EditProfileRouter.swift; sourceTree = "<group>"; };
		ADA25DC927D3C52E00DFD875 /* EditProfileAssembly.swift */ = {isa = PBXFileReference; lastKnownFileType = sourcecode.swift; path = EditProfileAssembly.swift; sourceTree = "<group>"; };
		ADA25DCB27D48B0F00DFD875 /* Categories.swift */ = {isa = PBXFileReference; lastKnownFileType = sourcecode.swift; path = Categories.swift; sourceTree = "<group>"; };
		ADA25DCD27D4D14E00DFD875 /* CreatePostViewController.swift */ = {isa = PBXFileReference; lastKnownFileType = sourcecode.swift; path = CreatePostViewController.swift; sourceTree = "<group>"; };
		ADA25DCF27D4D15B00DFD875 /* CreatePostPresenter.swift */ = {isa = PBXFileReference; lastKnownFileType = sourcecode.swift; path = CreatePostPresenter.swift; sourceTree = "<group>"; };
		ADA25DD127D4D16F00DFD875 /* CreatePostInteractor.swift */ = {isa = PBXFileReference; lastKnownFileType = sourcecode.swift; path = CreatePostInteractor.swift; sourceTree = "<group>"; };
		ADA25DD327D4D17700DFD875 /* CreatePostRouter.swift */ = {isa = PBXFileReference; lastKnownFileType = sourcecode.swift; path = CreatePostRouter.swift; sourceTree = "<group>"; };
		ADA25DD527D4D18900DFD875 /* CreatePostAssembly.swift */ = {isa = PBXFileReference; lastKnownFileType = sourcecode.swift; path = CreatePostAssembly.swift; sourceTree = "<group>"; };
		ADA25DDC27D9173200DFD875 /* EditTextFieldCell.swift */ = {isa = PBXFileReference; lastKnownFileType = sourcecode.swift; path = EditTextFieldCell.swift; sourceTree = "<group>"; };
		ADA25DDE27DA46C100DFD875 /* EditAvatarCell.swift */ = {isa = PBXFileReference; lastKnownFileType = sourcecode.swift; path = EditAvatarCell.swift; sourceTree = "<group>"; };
		ADA25DE027DA4E4800DFD875 /* EditButtonCell.swift */ = {isa = PBXFileReference; lastKnownFileType = sourcecode.swift; path = EditButtonCell.swift; sourceTree = "<group>"; };
		ADA7C963262F37F60067C116 /* Auth.swift */ = {isa = PBXFileReference; lastKnownFileType = sourcecode.swift; path = Auth.swift; sourceTree = "<group>"; };
		ADA98D4427CA8140009C89ED /* DetailFeedViewController.swift */ = {isa = PBXFileReference; lastKnownFileType = sourcecode.swift; path = DetailFeedViewController.swift; sourceTree = "<group>"; };
		ADA98D4627CA8151009C89ED /* DetailFeedPresenter.swift */ = {isa = PBXFileReference; lastKnownFileType = sourcecode.swift; path = DetailFeedPresenter.swift; sourceTree = "<group>"; };
		ADA98D4827CA815B009C89ED /* DetailFeedInteractor.swift */ = {isa = PBXFileReference; lastKnownFileType = sourcecode.swift; path = DetailFeedInteractor.swift; sourceTree = "<group>"; };
		ADA98D4A27CA8166009C89ED /* DetailFeedRouter.swift */ = {isa = PBXFileReference; lastKnownFileType = sourcecode.swift; path = DetailFeedRouter.swift; sourceTree = "<group>"; };
		ADA98D4C27CA8171009C89ED /* DetailFeedAssembly.swift */ = {isa = PBXFileReference; lastKnownFileType = sourcecode.swift; path = DetailFeedAssembly.swift; sourceTree = "<group>"; };
		ADA98D5027CBC89E009C89ED /* HeaderCell.swift */ = {isa = PBXFileReference; lastKnownFileType = sourcecode.swift; path = HeaderCell.swift; sourceTree = "<group>"; };
		ADA98D5227CC9677009C89ED /* ProfileViewController.swift */ = {isa = PBXFileReference; lastKnownFileType = sourcecode.swift; path = ProfileViewController.swift; sourceTree = "<group>"; };
		ADA98D5427CC9685009C89ED /* ProfileInteractor.swift */ = {isa = PBXFileReference; lastKnownFileType = sourcecode.swift; path = ProfileInteractor.swift; sourceTree = "<group>"; };
		ADA98D5627CC968E009C89ED /* ProfilePresenter.swift */ = {isa = PBXFileReference; lastKnownFileType = sourcecode.swift; path = ProfilePresenter.swift; sourceTree = "<group>"; };
		ADA98D5827CC9697009C89ED /* ProfileRouter.swift */ = {isa = PBXFileReference; lastKnownFileType = sourcecode.swift; path = ProfileRouter.swift; sourceTree = "<group>"; };
		ADA98D5A27CC96B0009C89ED /* ProfileAssembly.swift */ = {isa = PBXFileReference; lastKnownFileType = sourcecode.swift; path = ProfileAssembly.swift; sourceTree = "<group>"; };
		ADA98D5D27CCAE31009C89ED /* ProfileHeaderCell.swift */ = {isa = PBXFileReference; lastKnownFileType = sourcecode.swift; path = ProfileHeaderCell.swift; sourceTree = "<group>"; };
		ADE1A04827C54BBB00C4B74B /* SignUpViewController.swift */ = {isa = PBXFileReference; lastKnownFileType = sourcecode.swift; path = SignUpViewController.swift; sourceTree = "<group>"; };
		ADE1A04A27C54C1B00C4B74B /* SignUpPresenter.swift */ = {isa = PBXFileReference; lastKnownFileType = sourcecode.swift; path = SignUpPresenter.swift; sourceTree = "<group>"; };
		ADE1A04C27C54CB000C4B74B /* SignUpInteractor.swift */ = {isa = PBXFileReference; lastKnownFileType = sourcecode.swift; path = SignUpInteractor.swift; sourceTree = "<group>"; };
		ADE1A05027C54D4900C4B74B /* SignUpRouter.swift */ = {isa = PBXFileReference; lastKnownFileType = sourcecode.swift; path = SignUpRouter.swift; sourceTree = "<group>"; };
		ADE1A05227C54D7E00C4B74B /* SignUpAssembly.swift */ = {isa = PBXFileReference; lastKnownFileType = sourcecode.swift; path = SignUpAssembly.swift; sourceTree = "<group>"; };
		ADE1A05427C54DAE00C4B74B /* VIPER_TEMPLATE.swift */ = {isa = PBXFileReference; lastKnownFileType = sourcecode.swift; path = VIPER_TEMPLATE.swift; sourceTree = "<group>"; };
		ADE1A05827C639F900C4B74B /* TabBarViewController.swift */ = {isa = PBXFileReference; lastKnownFileType = sourcecode.swift; path = TabBarViewController.swift; sourceTree = "<group>"; };
		ADE1A05A27C63C0200C4B74B /* TabBarPresenter.swift */ = {isa = PBXFileReference; lastKnownFileType = sourcecode.swift; path = TabBarPresenter.swift; sourceTree = "<group>"; };
		ADE1A05C27C63C4700C4B74B /* TabBarInteractor.swift */ = {isa = PBXFileReference; lastKnownFileType = sourcecode.swift; path = TabBarInteractor.swift; sourceTree = "<group>"; };
		ADE1A05E27C63C5D00C4B74B /* TabBarRouter.swift */ = {isa = PBXFileReference; lastKnownFileType = sourcecode.swift; path = TabBarRouter.swift; sourceTree = "<group>"; };
		ADE1A06027C63C6900C4B74B /* TabBarAssembly.swift */ = {isa = PBXFileReference; lastKnownFileType = sourcecode.swift; path = TabBarAssembly.swift; sourceTree = "<group>"; };
		ADFB2C1A27E4CA8D00E0E1E5 /* NewUser.swift */ = {isa = PBXFileReference; lastKnownFileType = sourcecode.swift; path = NewUser.swift; sourceTree = "<group>"; };
		ADFB2C1C27E603E600E0E1E5 /* ChatListCell.swift */ = {isa = PBXFileReference; lastKnownFileType = sourcecode.swift; path = ChatListCell.swift; sourceTree = "<group>"; };
		ADFB2C1E27E6082500E0E1E5 /* ChatList.swift */ = {isa = PBXFileReference; lastKnownFileType = sourcecode.swift; path = ChatList.swift; sourceTree = "<group>"; };
		ADFB2C2227E6E13800E0E1E5 /* ReceivedChatCell.swift */ = {isa = PBXFileReference; lastKnownFileType = sourcecode.swift; path = ReceivedChatCell.swift; sourceTree = "<group>"; };
		ADFB2C2427E6E15000E0E1E5 /* SentChatCell.swift */ = {isa = PBXFileReference; lastKnownFileType = sourcecode.swift; path = SentChatCell.swift; sourceTree = "<group>"; };
		B1212EFEC1C87A2F8D35C005 /* ChatListInteractor.swift */ = {isa = PBXFileReference; includeInIndex = 1; lastKnownFileType = sourcecode.swift; path = ChatListInteractor.swift; sourceTree = "<group>"; };
		D635B449A75DE4298D3DAD49 /* Pods_Zakshop_ZakshopUITests.framework */ = {isa = PBXFileReference; explicitFileType = wrapper.framework; includeInIndex = 0; path = Pods_Zakshop_ZakshopUITests.framework; sourceTree = BUILT_PRODUCTS_DIR; };
		D6FE05C09C7DE95C78069530 /* Pods-Chiff-ChiffUITests.debug.xcconfig */ = {isa = PBXFileReference; includeInIndex = 1; lastKnownFileType = text.xcconfig; name = "Pods-Chiff-ChiffUITests.debug.xcconfig"; path = "Target Support Files/Pods-Chiff-ChiffUITests/Pods-Chiff-ChiffUITests.debug.xcconfig"; sourceTree = "<group>"; };
		E6A45C8F9701D1F44AA25441 /* ChatMessagesInteractor.swift */ = {isa = PBXFileReference; includeInIndex = 1; lastKnownFileType = sourcecode.swift; path = ChatMessagesInteractor.swift; sourceTree = "<group>"; };
		F64D04F4C9895D15AA575D8F /* Pods-Zakshop.debug.xcconfig */ = {isa = PBXFileReference; includeInIndex = 1; lastKnownFileType = text.xcconfig; name = "Pods-Zakshop.debug.xcconfig"; path = "Target Support Files/Pods-Zakshop/Pods-Zakshop.debug.xcconfig"; sourceTree = "<group>"; };
		F81D3997DE7F11B63C1D6D6A /* Pods-Zakshop.release.xcconfig */ = {isa = PBXFileReference; includeInIndex = 1; lastKnownFileType = text.xcconfig; name = "Pods-Zakshop.release.xcconfig"; path = "Target Support Files/Pods-Zakshop/Pods-Zakshop.release.xcconfig"; sourceTree = "<group>"; };
		F9F85025EE487387C835A07A /* Pods-Chiff.release.xcconfig */ = {isa = PBXFileReference; includeInIndex = 1; lastKnownFileType = text.xcconfig; name = "Pods-Chiff.release.xcconfig"; path = "Target Support Files/Pods-Chiff/Pods-Chiff.release.xcconfig"; sourceTree = "<group>"; };
		FF143C1A4E695442C3AEAAC4 /* Pods_ZakshopTests.framework */ = {isa = PBXFileReference; explicitFileType = wrapper.framework; includeInIndex = 0; path = Pods_ZakshopTests.framework; sourceTree = BUILT_PRODUCTS_DIR; };
/* End PBXFileReference section */

/* Begin PBXFrameworksBuildPhase section */
		AD7F1222261CAFFF00EB09F7 /* Frameworks */ = {
			isa = PBXFrameworksBuildPhase;
			buildActionMask = 2147483647;
			files = (
				BA37F5DBE8C35A5D45F6FF7C /* Pods_Zakshop.framework in Frameworks */,
			);
			runOnlyForDeploymentPostprocessing = 0;
		};
		AD7F123B261CB00100EB09F7 /* Frameworks */ = {
			isa = PBXFrameworksBuildPhase;
			buildActionMask = 2147483647;
			files = (
				D1C13753BCA82985C84CE867 /* Pods_ZakshopTests.framework in Frameworks */,
			);
			runOnlyForDeploymentPostprocessing = 0;
		};
		AD7F1246261CB00100EB09F7 /* Frameworks */ = {
			isa = PBXFrameworksBuildPhase;
			buildActionMask = 2147483647;
			files = (
				1E8DF8147F36032BDDA99892 /* Pods_Zakshop_ZakshopUITests.framework in Frameworks */,
			);
			runOnlyForDeploymentPostprocessing = 0;
		};
/* End PBXFrameworksBuildPhase section */

/* Begin PBXGroup section */
		04F8CBFBD4DCEC65D39550EF /* ChatMessages */ = {
			isa = PBXGroup;
			children = (
				63B06ABECD2C4BE15A8C310B /* ChatMessagesViewController.swift */,
				97687A476B3FE1641E222FB7 /* ChatMessagesPresenter.swift */,
				E6A45C8F9701D1F44AA25441 /* ChatMessagesInteractor.swift */,
				00B8AC120FC1E363811ADFFA /* ChatMessagesRouter.swift */,
				814F3E9A664933CAD74F7FBB /* ChatMessagesAssembly.swift */,
				ADFB2C2127E6E0D900E0E1E5 /* Cells */,
			);
			path = ChatMessages;
			sourceTree = "<group>";
		};
		59DF2B31A6AFD7731365FC82 /* Frameworks */ = {
			isa = PBXGroup;
			children = (
				8819B23643ECB9B883731DC3 /* Pods_Zakshop.framework */,
				D635B449A75DE4298D3DAD49 /* Pods_Zakshop_ZakshopUITests.framework */,
				FF143C1A4E695442C3AEAAC4 /* Pods_ZakshopTests.framework */,
			);
			name = Frameworks;
			sourceTree = "<group>";
		};
		842B2D3727B24A45002E6AE8 /* Application */ = {
			isa = PBXGroup;
			children = (
				AD7F1228261CAFFF00EB09F7 /* AppDelegate.swift */,
				AD7F122A261CAFFF00EB09F7 /* SceneDelegate.swift */,
			);
			name = Application;
			sourceTree = "<group>";
		};
		842B2D3827B24AE7002E6AE8 /* Supporting files */ = {
			isa = PBXGroup;
			children = (
				847D5E2C27C4DDB70031A5BA /* GoogleService-Info.plist */,
				AD7F1234261CB00000EB09F7 /* Assets.xcassets */,
				AD7F1236261CB00000EB09F7 /* LaunchScreen.storyboard */,
				AD7F1231261CAFFF00EB09F7 /* Chiff.xcdatamodeld */,
			);
			name = "Supporting files";
			sourceTree = "<group>";
		};
		842B2D3927B24D84002E6AE8 /* Base */ = {
			isa = PBXGroup;
			children = (
				842B2D3B27B252C6002E6AE8 /* Network */,
				842B2D3E27B257B0002E6AE8 /* Extensions */,
				842B2D3F27B262DB002E6AE8 /* BaseViper */,
			);
			name = Base;
			sourceTree = "<group>";
		};
		842B2D3A27B24D95002E6AE8 /* Module */ = {
			isa = PBXGroup;
			children = (
				04F8CBFBD4DCEC65D39550EF /* ChatMessages */,
				9E8D8AC3DD2F54D49C47C03C /* ChatList */,
				AD4CA61927C7CF5C00291AC7 /* ProfileModules */,
				AD4CA61727C7CF2E00291AC7 /* CreatePost */,
				AD4CA61827C7CF4A00291AC7 /* Detail */,
				AD4CA61627C7CF2000291AC7 /* Feed */,
				ADE1A05727C6385400C4B74B /* TabBar */,
				ADE1A05627C6045D00C4B74B /* ForgetPass */,
				ADE1A04727C54B8E00C4B74B /* SignUp */,
				842B2D4B27B2680C002E6AE8 /* Auth */,
				842B2D4A27B2679A002E6AE8 /* TemplateVIPER */,
			);
			name = Module;
			sourceTree = "<group>";
		};
		842B2D3B27B252C6002E6AE8 /* Network */ = {
			isa = PBXGroup;
			children = (
				842B2D3C27B253B5002E6AE8 /* Services */,
				842B2D3D27B253C3002E6AE8 /* Entity */,
			);
			name = Network;
			sourceTree = "<group>";
		};
		842B2D3C27B253B5002E6AE8 /* Services */ = {
			isa = PBXGroup;
			children = (
				AD7F12A92621C19E00EB09F7 /* NetworkService.swift */,
			);
			name = Services;
			sourceTree = "<group>";
		};
		842B2D3D27B253C3002E6AE8 /* Entity */ = {
			isa = PBXGroup;
			children = (
				AD7F12B42622E45100EB09F7 /* News.swift */,
				AD8EFE66272102060056F8A8 /* PostCreate.swift */,
				ADA7C963262F37F60067C116 /* Auth.swift */,
				8476F82227157A5F003F15BC /* User.swift */,
				AD6C99782726900F00A9FA34 /* DetailNews.swift */,
				847FA2A1271D690400FF9699 /* Media.swift */,
				AD956225274A844B00D5FAFF /* CreatePostModel.swift */,
				AD938958278034EB00B0D925 /* Categoryes.swift */,
				AD8C130B2784C0EE00AD1D20 /* Post.swift */,
				ADA25DCB27D48B0F00DFD875 /* Categories.swift */,
				ADFB2C1A27E4CA8D00E0E1E5 /* NewUser.swift */,
				ADFB2C1E27E6082500E0E1E5 /* ChatList.swift */,
			);
			name = Entity;
			sourceTree = "<group>";
		};
		842B2D3E27B257B0002E6AE8 /* Extensions */ = {
			isa = PBXGroup;
			children = (
				AD7F1272261CB55E00EB09F7 /* UIView+Layout.swift */,
				AD8EFE62271F2B4F0056F8A8 /* UITextView+Layout.swift */,
			);
			name = Extensions;
			sourceTree = "<group>";
		};
		842B2D3F27B262DB002E6AE8 /* BaseViper */ = {
			isa = PBXGroup;
			children = (
				842B2D4027B26337002E6AE8 /* BaseViewController.swift */,
				842B2D4227B263F0002E6AE8 /* BaseInteractor.swift */,
				842B2D4427B26435002E6AE8 /* BasePresenter.swift */,
				842B2D4627B26472002E6AE8 /* BaseRouter.swift */,
				842B2D4827B264E6002E6AE8 /* BaseAssemblyProtocol.swift */,
			);
			name = BaseViper;
			sourceTree = "<group>";
		};
		842B2D4A27B2679A002E6AE8 /* TemplateVIPER */ = {
			isa = PBXGroup;
			children = (
				ADE1A05427C54DAE00C4B74B /* VIPER_TEMPLATE.swift */,
			);
			name = TemplateVIPER;
			sourceTree = "<group>";
		};
		842B2D4B27B2680C002E6AE8 /* Auth */ = {
			isa = PBXGroup;
			children = (
				842B2D4C27B26A3C002E6AE8 /* AuthViewController.swift */,
				842B2D4E27B26AC1002E6AE8 /* AuthPresenter.swift */,
				842B2D5327B26CA3002E6AE8 /* AuthInteractor.swift */,
				842B2D5527B26CE5002E6AE8 /* AuthRouter.swift */,
				842B2D5727B26DF2002E6AE8 /* AuthAssembly.swift */,
			);
			name = Auth;
			sourceTree = "<group>";
		};
		9E8D8AC3DD2F54D49C47C03C /* ChatList */ = {
			isa = PBXGroup;
			children = (
				064FA3B93C699D483F18E4D2 /* ChatListViewController.swift */,
				2FD63CC46570EFC2AC9B7289 /* ChatListPresenter.swift */,
				B1212EFEC1C87A2F8D35C005 /* ChatListInteractor.swift */,
				251F42EEB6BED078B1D99ACB /* ChatListRouter.swift */,
				3EB14034C87E5D4B56B28A94 /* ChatListAssembly.swift */,
				ADFB2C2027E6E0C000E0E1E5 /* Cells */,
			);
			path = ChatList;
			sourceTree = "<group>";
		};
		AD47BDD127DE3DF800EDCDCE /* SignUp */ = {
			isa = PBXGroup;
			children = (
				ADE1A04827C54BBB00C4B74B /* SignUpViewController.swift */,
				ADE1A04A27C54C1B00C4B74B /* SignUpPresenter.swift */,
				ADE1A04C27C54CB000C4B74B /* SignUpInteractor.swift */,
				ADE1A05027C54D4900C4B74B /* SignUpRouter.swift */,
				ADE1A05227C54D7E00C4B74B /* SignUpAssembly.swift */,
				AD47BDDD27DE558800EDCDCE /* TitleCell.swift */,
			);
			name = SignUp;
			sourceTree = "<group>";
		};
		AD47BDD227DE3E3B00EDCDCE /* PersonalSignUp */ = {
			isa = PBXGroup;
			children = (
				AD47BDD327DE3E8800EDCDCE /* PersonalSignUpViewController.swift */,
				AD47BDD527DE3EBA00EDCDCE /* PersonalSignUpPresenter.swift */,
				AD47BDD727DE401100EDCDCE /* PersonalSignUpInteractor.swift */,
				AD47BDD927DE401A00EDCDCE /* PersonalSignUpRouter.swift */,
				AD47BDDB27DE402C00EDCDCE /* PersonalSignUpAssemby.swift */,
			);
			path = PersonalSignUp;
			sourceTree = "<group>";
		};
		AD4CA61627C7CF2000291AC7 /* Feed */ = {
			isa = PBXGroup;
			children = (
				AD4CA61A27C7CFED00291AC7 /* FeedViewController.swift */,
				AD4CA61C27C7D01F00291AC7 /* FeedPresenter.swift */,
				AD4CA61E27C7D04B00291AC7 /* FeedInteractor.swift */,
				AD4CA62027C7D06200291AC7 /* FeedRouter.swift */,
				AD4CA62227C7D07600291AC7 /* FeedAssembly.swift */,
				ADA98D4E27CB6E2A009C89ED /* Cells */,
			);
			path = Feed;
			sourceTree = "<group>";
		};
		AD4CA61727C7CF2E00291AC7 /* CreatePost */ = {
			isa = PBXGroup;
			children = (
				ADA25DCD27D4D14E00DFD875 /* CreatePostViewController.swift */,
				ADA25DCF27D4D15B00DFD875 /* CreatePostPresenter.swift */,
				ADA25DD127D4D16F00DFD875 /* CreatePostInteractor.swift */,
				ADA25DD327D4D17700DFD875 /* CreatePostRouter.swift */,
				ADA25DD527D4D18900DFD875 /* CreatePostAssembly.swift */,
				ADA25DD727D4D2B200DFD875 /* Cells */,
			);
			path = CreatePost;
			sourceTree = "<group>";
		};
		AD4CA61827C7CF4A00291AC7 /* Detail */ = {
			isa = PBXGroup;
			children = (
				ADA98D4427CA8140009C89ED /* DetailFeedViewController.swift */,
				ADA98D4627CA8151009C89ED /* DetailFeedPresenter.swift */,
				ADA98D4827CA815B009C89ED /* DetailFeedInteractor.swift */,
				ADA98D4A27CA8166009C89ED /* DetailFeedRouter.swift */,
				ADA98D4C27CA8171009C89ED /* DetailFeedAssembly.swift */,
				ADA98D4F27CB6E5B009C89ED /* Cells */,
			);
			path = Detail;
			sourceTree = "<group>";
		};
		AD4CA61927C7CF5C00291AC7 /* ProfileModules */ = {
			isa = PBXGroup;
			children = (
				ADA25DBE27D3C46700DFD875 /* EditProfile */,
				ADA25DC027D3C4C600DFD875 /* Profile */,
			);
			path = ProfileModules;
			sourceTree = "<group>";
		};
		AD7F121C261CAFFF00EB09F7 = {
			isa = PBXGroup;
			children = (
				AD7F1227261CAFFF00EB09F7 /* Zakshop */,
				AD7F1241261CB00100EB09F7 /* ZakshopTests */,
				AD7F124C261CB00100EB09F7 /* ZakshopUITests */,
				AD7F1226261CAFFF00EB09F7 /* Products */,
				C49C2E042797680D889AE388 /* Pods */,
				59DF2B31A6AFD7731365FC82 /* Frameworks */,
			);
			sourceTree = "<group>";
		};
		AD7F1226261CAFFF00EB09F7 /* Products */ = {
			isa = PBXGroup;
			children = (
				AD7F1225261CAFFF00EB09F7 /* Zakshop.app */,
				AD7F123E261CB00100EB09F7 /* ZakshopTests.xctest */,
				AD7F1249261CB00100EB09F7 /* ZakshopUITests.xctest */,
			);
			name = Products;
			sourceTree = "<group>";
		};
		AD7F1227261CAFFF00EB09F7 /* Zakshop */ = {
			isa = PBXGroup;
			children = (
				842B2D3727B24A45002E6AE8 /* Application */,
				842B2D3927B24D84002E6AE8 /* Base */,
				842B2D3A27B24D95002E6AE8 /* Module */,
				842B2D3827B24AE7002E6AE8 /* Supporting files */,
				AD7F1239261CB00000EB09F7 /* Info.plist */,
			);
			path = Zakshop;
			sourceTree = "<group>";
		};
		AD7F1241261CB00100EB09F7 /* ZakshopTests */ = {
			isa = PBXGroup;
			children = (
				AD7F1242261CB00100EB09F7 /* ChiffTests.swift */,
				AD7F1244261CB00100EB09F7 /* Info.plist */,
			);
			path = ZakshopTests;
			sourceTree = "<group>";
		};
		AD7F124C261CB00100EB09F7 /* ZakshopUITests */ = {
			isa = PBXGroup;
			children = (
				AD7F124D261CB00100EB09F7 /* ChiffUITests.swift */,
				AD7F124F261CB00100EB09F7 /* Info.plist */,
			);
			path = ZakshopUITests;
			sourceTree = "<group>";
		};
		ADA25DBE27D3C46700DFD875 /* EditProfile */ = {
			isa = PBXGroup;
			children = (
				ADA25DC127D3C4FD00DFD875 /* EditProfileViewController.swift */,
				ADA25DC327D3C50900DFD875 /* EditProfilePresenter.swift */,
				ADA25DC527D3C51400DFD875 /* EditProfileInteractor.swift */,
				ADA25DC727D3C52100DFD875 /* EditProfileRouter.swift */,
				ADA25DC927D3C52E00DFD875 /* EditProfileAssembly.swift */,
				ADA25DDB27D916E100DFD875 /* Cells */,
			);
			name = EditProfile;
			sourceTree = "<group>";
		};
		ADA25DC027D3C4C600DFD875 /* Profile */ = {
			isa = PBXGroup;
			children = (
				ADA98D5227CC9677009C89ED /* ProfileViewController.swift */,
				ADA98D5627CC968E009C89ED /* ProfilePresenter.swift */,
				ADA98D5427CC9685009C89ED /* ProfileInteractor.swift */,
				ADA98D5827CC9697009C89ED /* ProfileRouter.swift */,
				ADA98D5A27CC96B0009C89ED /* ProfileAssembly.swift */,
				ADA98D5C27CC9704009C89ED /* Cells */,
			);
			path = Profile;
			sourceTree = "<group>";
		};
		ADA25DD727D4D2B200DFD875 /* Cells */ = {
			isa = PBXGroup;
			children = (
				AD6C9976272557C400A9FA34 /* TextfieldCell.swift */,
				84E9C24F271EB76A004AB184 /* DescriptionPostCell.swift */,
				AD8EFE64271F3B3A0056F8A8 /* CreatePostImageButtonCell.swift */,
			);
			name = Cells;
			path = ..;
			sourceTree = "<group>";
		};
		ADA25DDB27D916E100DFD875 /* Cells */ = {
			isa = PBXGroup;
			children = (
				ADA25DDC27D9173200DFD875 /* EditTextFieldCell.swift */,
				ADA25DDE27DA46C100DFD875 /* EditAvatarCell.swift */,
				ADA25DE027DA4E4800DFD875 /* EditButtonCell.swift */,
			);
			path = Cells;
			sourceTree = "<group>";
		};
		ADA98D4E27CB6E2A009C89ED /* Cells */ = {
			isa = PBXGroup;
			children = (
				AD7F1267261CB31200EB09F7 /* FeedCell.swift */,
				AD938956277F839000B0D925 /* CategoryFeedCell.swift */,
			);
			path = Cells;
			sourceTree = "<group>";
		};
		ADA98D4F27CB6E5B009C89ED /* Cells */ = {
			isa = PBXGroup;
			children = (
				AD8EFE6F2723D14A0056F8A8 /* DetailDescCell.swift */,
				AD8EFE732723EB330056F8A8 /* PaidAdsCell.swift */,
				ADA98D5027CBC89E009C89ED /* HeaderCell.swift */,
				AD7D627227242A950014E82E /* DetailImageCell.swift */,
				AD7D627627244D2B0014E82E /* ContactCell.swift */,
				AD7D6274272432510014E82E /* ImageCell.swift */,
				AD8EFE712723D37D0056F8A8 /* InfoAuthorCell.swift */,
				AD8EFE6D2723C8510056F8A8 /* DetailNameCell.swift */,
			);
			path = Cells;
			sourceTree = "<group>";
		};
		ADA98D5C27CC9704009C89ED /* Cells */ = {
			isa = PBXGroup;
			children = (
				ADA98D5D27CCAE31009C89ED /* ProfileHeaderCell.swift */,
			);
			path = Cells;
			sourceTree = "<group>";
		};
		ADE1A04727C54B8E00C4B74B /* SignUp */ = {
			isa = PBXGroup;
			children = (
				AD47BDD127DE3DF800EDCDCE /* SignUp */,
				AD47BDD227DE3E3B00EDCDCE /* PersonalSignUp */,
			);
			name = SignUp;
			sourceTree = "<group>";
		};
		ADE1A05627C6045D00C4B74B /* ForgetPass */ = {
			isa = PBXGroup;
			children = (
				AD4CA60B27C7CB9000291AC7 /* ForgetPassViewController.swift */,
				AD4CA60D27C7CBA500291AC7 /* ForgetPassPresenter.swift */,
				AD4CA60F27C7CBB900291AC7 /* ForgetPassInteractor.swift */,
				AD4CA61127C7CBD200291AC7 /* ForgetPassRouter.swift */,
				AD4CA61327C7CBED00291AC7 /* ForgetPassAssembly.swift */,
			);
			name = ForgetPass;
			sourceTree = "<group>";
		};
		ADE1A05727C6385400C4B74B /* TabBar */ = {
			isa = PBXGroup;
			children = (
				ADE1A05827C639F900C4B74B /* TabBarViewController.swift */,
				ADE1A05A27C63C0200C4B74B /* TabBarPresenter.swift */,
				ADE1A05C27C63C4700C4B74B /* TabBarInteractor.swift */,
				ADE1A05E27C63C5D00C4B74B /* TabBarRouter.swift */,
				ADE1A06027C63C6900C4B74B /* TabBarAssembly.swift */,
			);
			name = TabBar;
			sourceTree = "<group>";
		};
		ADFB2C2027E6E0C000E0E1E5 /* Cells */ = {
			isa = PBXGroup;
			children = (
				ADFB2C1C27E603E600E0E1E5 /* ChatListCell.swift */,
			);
			path = Cells;
			sourceTree = "<group>";
		};
		ADFB2C2127E6E0D900E0E1E5 /* Cells */ = {
			isa = PBXGroup;
			children = (
				ADFB2C2227E6E13800E0E1E5 /* ReceivedChatCell.swift */,
				ADFB2C2427E6E15000E0E1E5 /* SentChatCell.swift */,
			);
			path = Cells;
			sourceTree = "<group>";
		};
		C49C2E042797680D889AE388 /* Pods */ = {
			isa = PBXGroup;
			children = (
				8D52C5812F8D81F2D7C13947 /* Pods-Chiff.debug.xcconfig */,
				F9F85025EE487387C835A07A /* Pods-Chiff.release.xcconfig */,
				D6FE05C09C7DE95C78069530 /* Pods-Chiff-ChiffUITests.debug.xcconfig */,
				3DFEB1D79B390BCC75934114 /* Pods-Chiff-ChiffUITests.release.xcconfig */,
				77551F287AA7E402A66D7AB5 /* Pods-ChiffTests.debug.xcconfig */,
				AABE47EDB0A3D1FF5A834195 /* Pods-ChiffTests.release.xcconfig */,
				F64D04F4C9895D15AA575D8F /* Pods-Zakshop.debug.xcconfig */,
				F81D3997DE7F11B63C1D6D6A /* Pods-Zakshop.release.xcconfig */,
				0577A25F28436956DC0B71EF /* Pods-Zakshop-ZakshopUITests.debug.xcconfig */,
				6A051EBCADEE906E1B9DFE6E /* Pods-Zakshop-ZakshopUITests.release.xcconfig */,
				1083DA55A2129D462F75542F /* Pods-ZakshopTests.debug.xcconfig */,
				00A2B2BA372CB87792E86674 /* Pods-ZakshopTests.release.xcconfig */,
			);
			path = Pods;
			sourceTree = "<group>";
		};
/* End PBXGroup section */

/* Begin PBXNativeTarget section */
		AD7F1224261CAFFF00EB09F7 /* Zakshop */ = {
			isa = PBXNativeTarget;
			buildConfigurationList = AD7F1252261CB00100EB09F7 /* Build configuration list for PBXNativeTarget "Zakshop" */;
			buildPhases = (
				A3929AD02EE83D6F11AB0413 /* [CP] Check Pods Manifest.lock */,
				AD7F1221261CAFFF00EB09F7 /* Sources */,
				AD7F1222261CAFFF00EB09F7 /* Frameworks */,
				AD7F1223261CAFFF00EB09F7 /* Resources */,
				A72595FFFB16CBCEFED0CAB2 /* [CP] Embed Pods Frameworks */,
			);
			buildRules = (
			);
			dependencies = (
			);
			name = Zakshop;
			productName = Chiff;
			productReference = AD7F1225261CAFFF00EB09F7 /* Zakshop.app */;
			productType = "com.apple.product-type.application";
		};
		AD7F123D261CB00100EB09F7 /* ZakshopTests */ = {
			isa = PBXNativeTarget;
			buildConfigurationList = AD7F1255261CB00100EB09F7 /* Build configuration list for PBXNativeTarget "ZakshopTests" */;
			buildPhases = (
				DFE6BBE536D78E056FB3C568 /* [CP] Check Pods Manifest.lock */,
				AD7F123A261CB00100EB09F7 /* Sources */,
				AD7F123B261CB00100EB09F7 /* Frameworks */,
				AD7F123C261CB00100EB09F7 /* Resources */,
			);
			buildRules = (
			);
			dependencies = (
				AD7F1240261CB00100EB09F7 /* PBXTargetDependency */,
			);
			name = ZakshopTests;
			productName = ChiffTests;
			productReference = AD7F123E261CB00100EB09F7 /* ZakshopTests.xctest */;
			productType = "com.apple.product-type.bundle.unit-test";
		};
		AD7F1248261CB00100EB09F7 /* ZakshopUITests */ = {
			isa = PBXNativeTarget;
			buildConfigurationList = AD7F1258261CB00100EB09F7 /* Build configuration list for PBXNativeTarget "ZakshopUITests" */;
			buildPhases = (
				ABC5C5BB748AD39BA2C07742 /* [CP] Check Pods Manifest.lock */,
				AD7F1245261CB00100EB09F7 /* Sources */,
				AD7F1246261CB00100EB09F7 /* Frameworks */,
				AD7F1247261CB00100EB09F7 /* Resources */,
				BD1D1902D3F29B2A634F0B57 /* [CP] Embed Pods Frameworks */,
			);
			buildRules = (
			);
			dependencies = (
				AD7F124B261CB00100EB09F7 /* PBXTargetDependency */,
			);
			name = ZakshopUITests;
			productName = ChiffUITests;
			productReference = AD7F1249261CB00100EB09F7 /* ZakshopUITests.xctest */;
			productType = "com.apple.product-type.bundle.ui-testing";
		};
/* End PBXNativeTarget section */

/* Begin PBXProject section */
		AD7F121D261CAFFF00EB09F7 /* Project object */ = {
			isa = PBXProject;
			attributes = {
				LastSwiftUpdateCheck = 1240;
				LastUpgradeCheck = 1240;
				TargetAttributes = {
					AD7F1224261CAFFF00EB09F7 = {
						CreatedOnToolsVersion = 12.4;
					};
					AD7F123D261CB00100EB09F7 = {
						CreatedOnToolsVersion = 12.4;
						TestTargetID = AD7F1224261CAFFF00EB09F7;
					};
					AD7F1248261CB00100EB09F7 = {
						CreatedOnToolsVersion = 12.4;
						TestTargetID = AD7F1224261CAFFF00EB09F7;
					};
				};
			};
			buildConfigurationList = AD7F1220261CAFFF00EB09F7 /* Build configuration list for PBXProject "Zakshop" */;
			compatibilityVersion = "Xcode 9.3";
			developmentRegion = en;
			hasScannedForEncodings = 0;
			knownRegions = (
				en,
				Base,
			);
			mainGroup = AD7F121C261CAFFF00EB09F7;
			productRefGroup = AD7F1226261CAFFF00EB09F7 /* Products */;
			projectDirPath = "";
			projectRoot = "";
			targets = (
				AD7F1224261CAFFF00EB09F7 /* Zakshop */,
				AD7F123D261CB00100EB09F7 /* ZakshopTests */,
				AD7F1248261CB00100EB09F7 /* ZakshopUITests */,
			);
		};
/* End PBXProject section */

/* Begin PBXResourcesBuildPhase section */
		AD7F1223261CAFFF00EB09F7 /* Resources */ = {
			isa = PBXResourcesBuildPhase;
			buildActionMask = 2147483647;
			files = (
				847D5E2D27C4DDB70031A5BA /* GoogleService-Info.plist in Resources */,
				AD7F1238261CB00000EB09F7 /* LaunchScreen.storyboard in Resources */,
				AD7F1235261CB00000EB09F7 /* Assets.xcassets in Resources */,
			);
			runOnlyForDeploymentPostprocessing = 0;
		};
		AD7F123C261CB00100EB09F7 /* Resources */ = {
			isa = PBXResourcesBuildPhase;
			buildActionMask = 2147483647;
			files = (
			);
			runOnlyForDeploymentPostprocessing = 0;
		};
		AD7F1247261CB00100EB09F7 /* Resources */ = {
			isa = PBXResourcesBuildPhase;
			buildActionMask = 2147483647;
			files = (
			);
			runOnlyForDeploymentPostprocessing = 0;
		};
/* End PBXResourcesBuildPhase section */

/* Begin PBXShellScriptBuildPhase section */
		A3929AD02EE83D6F11AB0413 /* [CP] Check Pods Manifest.lock */ = {
			isa = PBXShellScriptBuildPhase;
			buildActionMask = 2147483647;
			files = (
			);
			inputFileListPaths = (
			);
			inputPaths = (
				"${PODS_PODFILE_DIR_PATH}/Podfile.lock",
				"${PODS_ROOT}/Manifest.lock",
			);
			name = "[CP] Check Pods Manifest.lock";
			outputFileListPaths = (
			);
			outputPaths = (
				"$(DERIVED_FILE_DIR)/Pods-Zakshop-checkManifestLockResult.txt",
			);
			runOnlyForDeploymentPostprocessing = 0;
			shellPath = /bin/sh;
			shellScript = "diff \"${PODS_PODFILE_DIR_PATH}/Podfile.lock\" \"${PODS_ROOT}/Manifest.lock\" > /dev/null\nif [ $? != 0 ] ; then\n    # print error to STDERR\n    echo \"error: The sandbox is not in sync with the Podfile.lock. Run 'pod install' or update your CocoaPods installation.\" >&2\n    exit 1\nfi\n# This output is used by Xcode 'outputs' to avoid re-running this script phase.\necho \"SUCCESS\" > \"${SCRIPT_OUTPUT_FILE_0}\"\n";
			showEnvVarsInLog = 0;
		};
		A72595FFFB16CBCEFED0CAB2 /* [CP] Embed Pods Frameworks */ = {
			isa = PBXShellScriptBuildPhase;
			buildActionMask = 2147483647;
			files = (
			);
			inputFileListPaths = (
				"${PODS_ROOT}/Target Support Files/Pods-Zakshop/Pods-Zakshop-frameworks-${CONFIGURATION}-input-files.xcfilelist",
			);
			name = "[CP] Embed Pods Frameworks";
			outputFileListPaths = (
				"${PODS_ROOT}/Target Support Files/Pods-Zakshop/Pods-Zakshop-frameworks-${CONFIGURATION}-output-files.xcfilelist",
			);
			runOnlyForDeploymentPostprocessing = 0;
			shellPath = /bin/sh;
			shellScript = "\"${PODS_ROOT}/Target Support Files/Pods-Zakshop/Pods-Zakshop-frameworks.sh\"\n";
			showEnvVarsInLog = 0;
		};
		ABC5C5BB748AD39BA2C07742 /* [CP] Check Pods Manifest.lock */ = {
			isa = PBXShellScriptBuildPhase;
			buildActionMask = 2147483647;
			files = (
			);
			inputFileListPaths = (
			);
			inputPaths = (
				"${PODS_PODFILE_DIR_PATH}/Podfile.lock",
				"${PODS_ROOT}/Manifest.lock",
			);
			name = "[CP] Check Pods Manifest.lock";
			outputFileListPaths = (
			);
			outputPaths = (
				"$(DERIVED_FILE_DIR)/Pods-Zakshop-ZakshopUITests-checkManifestLockResult.txt",
			);
			runOnlyForDeploymentPostprocessing = 0;
			shellPath = /bin/sh;
			shellScript = "diff \"${PODS_PODFILE_DIR_PATH}/Podfile.lock\" \"${PODS_ROOT}/Manifest.lock\" > /dev/null\nif [ $? != 0 ] ; then\n    # print error to STDERR\n    echo \"error: The sandbox is not in sync with the Podfile.lock. Run 'pod install' or update your CocoaPods installation.\" >&2\n    exit 1\nfi\n# This output is used by Xcode 'outputs' to avoid re-running this script phase.\necho \"SUCCESS\" > \"${SCRIPT_OUTPUT_FILE_0}\"\n";
			showEnvVarsInLog = 0;
		};
		BD1D1902D3F29B2A634F0B57 /* [CP] Embed Pods Frameworks */ = {
			isa = PBXShellScriptBuildPhase;
			buildActionMask = 2147483647;
			files = (
			);
			inputFileListPaths = (
				"${PODS_ROOT}/Target Support Files/Pods-Zakshop-ZakshopUITests/Pods-Zakshop-ZakshopUITests-frameworks-${CONFIGURATION}-input-files.xcfilelist",
			);
			name = "[CP] Embed Pods Frameworks";
			outputFileListPaths = (
				"${PODS_ROOT}/Target Support Files/Pods-Zakshop-ZakshopUITests/Pods-Zakshop-ZakshopUITests-frameworks-${CONFIGURATION}-output-files.xcfilelist",
			);
			runOnlyForDeploymentPostprocessing = 0;
			shellPath = /bin/sh;
			shellScript = "\"${PODS_ROOT}/Target Support Files/Pods-Zakshop-ZakshopUITests/Pods-Zakshop-ZakshopUITests-frameworks.sh\"\n";
			showEnvVarsInLog = 0;
		};
		DFE6BBE536D78E056FB3C568 /* [CP] Check Pods Manifest.lock */ = {
			isa = PBXShellScriptBuildPhase;
			buildActionMask = 2147483647;
			files = (
			);
			inputFileListPaths = (
			);
			inputPaths = (
				"${PODS_PODFILE_DIR_PATH}/Podfile.lock",
				"${PODS_ROOT}/Manifest.lock",
			);
			name = "[CP] Check Pods Manifest.lock";
			outputFileListPaths = (
			);
			outputPaths = (
				"$(DERIVED_FILE_DIR)/Pods-ZakshopTests-checkManifestLockResult.txt",
			);
			runOnlyForDeploymentPostprocessing = 0;
			shellPath = /bin/sh;
			shellScript = "diff \"${PODS_PODFILE_DIR_PATH}/Podfile.lock\" \"${PODS_ROOT}/Manifest.lock\" > /dev/null\nif [ $? != 0 ] ; then\n    # print error to STDERR\n    echo \"error: The sandbox is not in sync with the Podfile.lock. Run 'pod install' or update your CocoaPods installation.\" >&2\n    exit 1\nfi\n# This output is used by Xcode 'outputs' to avoid re-running this script phase.\necho \"SUCCESS\" > \"${SCRIPT_OUTPUT_FILE_0}\"\n";
			showEnvVarsInLog = 0;
		};
/* End PBXShellScriptBuildPhase section */

/* Begin PBXSourcesBuildPhase section */
		AD7F1221261CAFFF00EB09F7 /* Sources */ = {
			isa = PBXSourcesBuildPhase;
			buildActionMask = 2147483647;
			files = (
				ADE1A05D27C63C4700C4B74B /* TabBarInteractor.swift in Sources */,
				AD7D627727244D2B0014E82E /* ContactCell.swift in Sources */,
				842B2D4527B26435002E6AE8 /* BasePresenter.swift in Sources */,
				AD938959278034EB00B0D925 /* Categoryes.swift in Sources */,
				AD8EFE722723D37D0056F8A8 /* InfoAuthorCell.swift in Sources */,
				ADE1A05927C639F900C4B74B /* TabBarViewController.swift in Sources */,
				8476F82327157A5F003F15BC /* User.swift in Sources */,
				ADA98D4727CA8151009C89ED /* DetailFeedPresenter.swift in Sources */,
				ADE1A05127C54D4900C4B74B /* SignUpRouter.swift in Sources */,
				AD7F1229261CAFFF00EB09F7 /* AppDelegate.swift in Sources */,
				AD7F1268261CB31200EB09F7 /* FeedCell.swift in Sources */,
				ADE1A04D27C54CB000C4B74B /* SignUpInteractor.swift in Sources */,
				AD47BDDE27DE558800EDCDCE /* TitleCell.swift in Sources */,
				842B2D4727B26472002E6AE8 /* BaseRouter.swift in Sources */,
				ADA25DE127DA4E4800DFD875 /* EditButtonCell.swift in Sources */,
				AD956226274A844C00D5FAFF /* CreatePostModel.swift in Sources */,
				ADA98D4527CA8140009C89ED /* DetailFeedViewController.swift in Sources */,
				ADE1A05B27C63C0200C4B74B /* TabBarPresenter.swift in Sources */,
				AD7F1273261CB55E00EB09F7 /* UIView+Layout.swift in Sources */,
				AD7F12AA2621C19E00EB09F7 /* NetworkService.swift in Sources */,
				AD8C130C2784C0EE00AD1D20 /* Post.swift in Sources */,
				ADA98D5527CC9685009C89ED /* ProfileInteractor.swift in Sources */,
				AD4CA60E27C7CBA500291AC7 /* ForgetPassPresenter.swift in Sources */,
				842B2D5827B26DF2002E6AE8 /* AuthAssembly.swift in Sources */,
				AD4CA61027C7CBB900291AC7 /* ForgetPassInteractor.swift in Sources */,
				ADA25DC827D3C52100DFD875 /* EditProfileRouter.swift in Sources */,
				AD4CA62327C7D07600291AC7 /* FeedAssembly.swift in Sources */,
				ADA98D4D27CA8171009C89ED /* DetailFeedAssembly.swift in Sources */,
				AD4CA61227C7CBD200291AC7 /* ForgetPassRouter.swift in Sources */,
				AD47BDD827DE401100EDCDCE /* PersonalSignUpInteractor.swift in Sources */,
				ADA25DCE27D4D14F00DFD875 /* CreatePostViewController.swift in Sources */,
				842B2D4F27B26AC1002E6AE8 /* AuthPresenter.swift in Sources */,
				ADA25DDF27DA46C100DFD875 /* EditAvatarCell.swift in Sources */,
				ADFB2C1D27E603E600E0E1E5 /* ChatListCell.swift in Sources */,
				ADA98D5727CC968E009C89ED /* ProfilePresenter.swift in Sources */,
				AD8EFE702723D14A0056F8A8 /* DetailDescCell.swift in Sources */,
				AD47BDD427DE3E8800EDCDCE /* PersonalSignUpViewController.swift in Sources */,
				AD4CA61D27C7D01F00291AC7 /* FeedPresenter.swift in Sources */,
				AD7F1233261CAFFF00EB09F7 /* Chiff.xcdatamodeld in Sources */,
				ADE1A06127C63C6900C4B74B /* TabBarAssembly.swift in Sources */,
				AD8EFE67272102060056F8A8 /* PostCreate.swift in Sources */,
				ADA98D5327CC9677009C89ED /* ProfileViewController.swift in Sources */,
				842B2D4327B263F0002E6AE8 /* BaseInteractor.swift in Sources */,
				ADA25DC627D3C51400DFD875 /* EditProfileInteractor.swift in Sources */,
				AD8EFE65271F3B3A0056F8A8 /* CreatePostImageButtonCell.swift in Sources */,
				ADFB2C1F27E6082500E0E1E5 /* ChatList.swift in Sources */,
				AD4CA60C27C7CB9000291AC7 /* ForgetPassViewController.swift in Sources */,
				ADA25DD027D4D15B00DFD875 /* CreatePostPresenter.swift in Sources */,
				AD8EFE6E2723C8510056F8A8 /* DetailNameCell.swift in Sources */,
				ADA98D5127CBC89E009C89ED /* HeaderCell.swift in Sources */,
				ADA98D4927CA815B009C89ED /* DetailFeedInteractor.swift in Sources */,
				AD938957277F839000B0D925 /* CategoryFeedCell.swift in Sources */,
				AD47BDD627DE3EBA00EDCDCE /* PersonalSignUpPresenter.swift in Sources */,
				AD4CA61F27C7D04B00291AC7 /* FeedInteractor.swift in Sources */,
				AD7D6275272432510014E82E /* ImageCell.swift in Sources */,
				ADA7C964262F37F60067C116 /* Auth.swift in Sources */,
				ADA25DC227D3C4FD00DFD875 /* EditProfileViewController.swift in Sources */,
				ADFB2C1B27E4CA8D00E0E1E5 /* NewUser.swift in Sources */,
				ADE1A05F27C63C5D00C4B74B /* TabBarRouter.swift in Sources */,
				842B2D4127B26337002E6AE8 /* BaseViewController.swift in Sources */,
				ADA25DD627D4D18900DFD875 /* CreatePostAssembly.swift in Sources */,
				ADA98D5E27CCAE31009C89ED /* ProfileHeaderCell.swift in Sources */,
				AD7D627327242A950014E82E /* DetailImageCell.swift in Sources */,
				AD7F122B261CAFFF00EB09F7 /* SceneDelegate.swift in Sources */,
				ADE1A04B27C54C1B00C4B74B /* SignUpPresenter.swift in Sources */,
				842B2D4D27B26A3C002E6AE8 /* AuthViewController.swift in Sources */,
				ADE1A05327C54D7E00C4B74B /* SignUpAssembly.swift in Sources */,
				AD4CA61427C7CBED00291AC7 /* ForgetPassAssembly.swift in Sources */,
				ADA98D5B27CC96B0009C89ED /* ProfileAssembly.swift in Sources */,
				AD6C9977272557C500A9FA34 /* TextfieldCell.swift in Sources */,
				AD8EFE742723EB330056F8A8 /* PaidAdsCell.swift in Sources */,
				ADE1A05527C54DAE00C4B74B /* VIPER_TEMPLATE.swift in Sources */,
				ADA98D4B27CA8166009C89ED /* DetailFeedRouter.swift in Sources */,
				AD7F12B52622E45100EB09F7 /* News.swift in Sources */,
				84E9C250271EB76A004AB184 /* DescriptionPostCell.swift in Sources */,
				AD47BDDC27DE402C00EDCDCE /* PersonalSignUpAssemby.swift in Sources */,
				AD6C99792726900F00A9FA34 /* DetailNews.swift in Sources */,
				847FA2A2271D690400FF9699 /* Media.swift in Sources */,
				ADA25DD427D4D17700DFD875 /* CreatePostRouter.swift in Sources */,
				ADA25DD227D4D16F00DFD875 /* CreatePostInteractor.swift in Sources */,
				ADFB2C2327E6E13800E0E1E5 /* ReceivedChatCell.swift in Sources */,
				ADA25DCC27D48B0F00DFD875 /* Categories.swift in Sources */,
				AD4CA61B27C7CFED00291AC7 /* FeedViewController.swift in Sources */,
				842B2D5627B26CE5002E6AE8 /* AuthRouter.swift in Sources */,
				ADE1A04927C54BBB00C4B74B /* SignUpViewController.swift in Sources */,
				AD4CA62127C7D06200291AC7 /* FeedRouter.swift in Sources */,
				AD47BDDA27DE401A00EDCDCE /* PersonalSignUpRouter.swift in Sources */,
				ADA25DDD27D9173400DFD875 /* EditTextFieldCell.swift in Sources */,
				ADFB2C2527E6E15000E0E1E5 /* SentChatCell.swift in Sources */,
				ADA25DC427D3C50900DFD875 /* EditProfilePresenter.swift in Sources */,
				842B2D4927B264E6002E6AE8 /* BaseAssemblyProtocol.swift in Sources */,
				842B2D5427B26CA3002E6AE8 /* AuthInteractor.swift in Sources */,
				AD8EFE63271F2B4F0056F8A8 /* UITextView+Layout.swift in Sources */,
				ADA98D5927CC9697009C89ED /* ProfileRouter.swift in Sources */,
				ADA25DCA27D3C52E00DFD875 /* EditProfileAssembly.swift in Sources */,
				2C4970484028E8AC49D905EF /* ChatListViewController.swift in Sources */,
				12D75302CEC61E73B87D5B29 /* ChatListPresenter.swift in Sources */,
				A97B0ED5EBDD835A5202B5C6 /* ChatListInteractor.swift in Sources */,
				58E980F7C4BF817DD827B02C /* ChatListRouter.swift in Sources */,
				5661A695D887FEAE090B64DB /* ChatListAssembly.swift in Sources */,
				73B634AE87C249694ECE01BC /* ChatMessagesViewController.swift in Sources */,
				9541698D9CAFED1D3AF7B91B /* ChatMessagesPresenter.swift in Sources */,
				61F8C7C5711009259A628924 /* ChatMessagesInteractor.swift in Sources */,
				97DAE961EA30BCC7CE22017C /* ChatMessagesRouter.swift in Sources */,
				EEE776261E58C3E58EE35AA0 /* ChatMessagesAssembly.swift in Sources */,
			);
			runOnlyForDeploymentPostprocessing = 0;
		};
		AD7F123A261CB00100EB09F7 /* Sources */ = {
			isa = PBXSourcesBuildPhase;
			buildActionMask = 2147483647;
			files = (
				AD7F1243261CB00100EB09F7 /* ChiffTests.swift in Sources */,
			);
			runOnlyForDeploymentPostprocessing = 0;
		};
		AD7F1245261CB00100EB09F7 /* Sources */ = {
			isa = PBXSourcesBuildPhase;
			buildActionMask = 2147483647;
			files = (
				AD7F124E261CB00100EB09F7 /* ChiffUITests.swift in Sources */,
			);
			runOnlyForDeploymentPostprocessing = 0;
		};
/* End PBXSourcesBuildPhase section */

/* Begin PBXTargetDependency section */
		AD7F1240261CB00100EB09F7 /* PBXTargetDependency */ = {
			isa = PBXTargetDependency;
			target = AD7F1224261CAFFF00EB09F7 /* Zakshop */;
			targetProxy = AD7F123F261CB00100EB09F7 /* PBXContainerItemProxy */;
		};
		AD7F124B261CB00100EB09F7 /* PBXTargetDependency */ = {
			isa = PBXTargetDependency;
			target = AD7F1224261CAFFF00EB09F7 /* Zakshop */;
			targetProxy = AD7F124A261CB00100EB09F7 /* PBXContainerItemProxy */;
		};
/* End PBXTargetDependency section */

/* Begin PBXVariantGroup section */
		AD7F1236261CB00000EB09F7 /* LaunchScreen.storyboard */ = {
			isa = PBXVariantGroup;
			children = (
				AD7F1237261CB00000EB09F7 /* Base */,
			);
			name = LaunchScreen.storyboard;
			sourceTree = "<group>";
		};
/* End PBXVariantGroup section */

/* Begin XCBuildConfiguration section */
		AD7F1250261CB00100EB09F7 /* Debug */ = {
			isa = XCBuildConfiguration;
			buildSettings = {
				ALWAYS_SEARCH_USER_PATHS = NO;
				CLANG_ANALYZER_NONNULL = YES;
				CLANG_ANALYZER_NUMBER_OBJECT_CONVERSION = YES_AGGRESSIVE;
				CLANG_CXX_LANGUAGE_STANDARD = "gnu++14";
				CLANG_CXX_LIBRARY = "libc++";
				CLANG_ENABLE_MODULES = YES;
				CLANG_ENABLE_OBJC_ARC = YES;
				CLANG_ENABLE_OBJC_WEAK = YES;
				CLANG_WARN_BLOCK_CAPTURE_AUTORELEASING = YES;
				CLANG_WARN_BOOL_CONVERSION = YES;
				CLANG_WARN_COMMA = YES;
				CLANG_WARN_CONSTANT_CONVERSION = YES;
				CLANG_WARN_DEPRECATED_OBJC_IMPLEMENTATIONS = YES;
				CLANG_WARN_DIRECT_OBJC_ISA_USAGE = YES_ERROR;
				CLANG_WARN_DOCUMENTATION_COMMENTS = YES;
				CLANG_WARN_EMPTY_BODY = YES;
				CLANG_WARN_ENUM_CONVERSION = YES;
				CLANG_WARN_INFINITE_RECURSION = YES;
				CLANG_WARN_INT_CONVERSION = YES;
				CLANG_WARN_NON_LITERAL_NULL_CONVERSION = YES;
				CLANG_WARN_OBJC_IMPLICIT_RETAIN_SELF = YES;
				CLANG_WARN_OBJC_LITERAL_CONVERSION = YES;
				CLANG_WARN_OBJC_ROOT_CLASS = YES_ERROR;
				CLANG_WARN_QUOTED_INCLUDE_IN_FRAMEWORK_HEADER = YES;
				CLANG_WARN_RANGE_LOOP_ANALYSIS = YES;
				CLANG_WARN_STRICT_PROTOTYPES = YES;
				CLANG_WARN_SUSPICIOUS_MOVE = YES;
				CLANG_WARN_UNGUARDED_AVAILABILITY = YES_AGGRESSIVE;
				CLANG_WARN_UNREACHABLE_CODE = YES;
				CLANG_WARN__DUPLICATE_METHOD_MATCH = YES;
				COPY_PHASE_STRIP = NO;
				DEBUG_INFORMATION_FORMAT = dwarf;
				ENABLE_STRICT_OBJC_MSGSEND = YES;
				ENABLE_TESTABILITY = YES;
				GCC_C_LANGUAGE_STANDARD = gnu11;
				GCC_DYNAMIC_NO_PIC = NO;
				GCC_NO_COMMON_BLOCKS = YES;
				GCC_OPTIMIZATION_LEVEL = 0;
				GCC_PREPROCESSOR_DEFINITIONS = (
					"DEBUG=1",
					"$(inherited)",
				);
				GCC_WARN_64_TO_32_BIT_CONVERSION = YES;
				GCC_WARN_ABOUT_RETURN_TYPE = YES_ERROR;
				GCC_WARN_UNDECLARED_SELECTOR = YES;
				GCC_WARN_UNINITIALIZED_AUTOS = YES_AGGRESSIVE;
				GCC_WARN_UNUSED_FUNCTION = YES;
				GCC_WARN_UNUSED_VARIABLE = YES;
				IPHONEOS_DEPLOYMENT_TARGET = 14.4;
				MTL_ENABLE_DEBUG_INFO = INCLUDE_SOURCE;
				MTL_FAST_MATH = YES;
				ONLY_ACTIVE_ARCH = YES;
				SDKROOT = iphoneos;
				SWIFT_ACTIVE_COMPILATION_CONDITIONS = DEBUG;
				SWIFT_OPTIMIZATION_LEVEL = "-Onone";
			};
			name = Debug;
		};
		AD7F1251261CB00100EB09F7 /* Release */ = {
			isa = XCBuildConfiguration;
			buildSettings = {
				ALWAYS_SEARCH_USER_PATHS = NO;
				CLANG_ANALYZER_NONNULL = YES;
				CLANG_ANALYZER_NUMBER_OBJECT_CONVERSION = YES_AGGRESSIVE;
				CLANG_CXX_LANGUAGE_STANDARD = "gnu++14";
				CLANG_CXX_LIBRARY = "libc++";
				CLANG_ENABLE_MODULES = YES;
				CLANG_ENABLE_OBJC_ARC = YES;
				CLANG_ENABLE_OBJC_WEAK = YES;
				CLANG_WARN_BLOCK_CAPTURE_AUTORELEASING = YES;
				CLANG_WARN_BOOL_CONVERSION = YES;
				CLANG_WARN_COMMA = YES;
				CLANG_WARN_CONSTANT_CONVERSION = YES;
				CLANG_WARN_DEPRECATED_OBJC_IMPLEMENTATIONS = YES;
				CLANG_WARN_DIRECT_OBJC_ISA_USAGE = YES_ERROR;
				CLANG_WARN_DOCUMENTATION_COMMENTS = YES;
				CLANG_WARN_EMPTY_BODY = YES;
				CLANG_WARN_ENUM_CONVERSION = YES;
				CLANG_WARN_INFINITE_RECURSION = YES;
				CLANG_WARN_INT_CONVERSION = YES;
				CLANG_WARN_NON_LITERAL_NULL_CONVERSION = YES;
				CLANG_WARN_OBJC_IMPLICIT_RETAIN_SELF = YES;
				CLANG_WARN_OBJC_LITERAL_CONVERSION = YES;
				CLANG_WARN_OBJC_ROOT_CLASS = YES_ERROR;
				CLANG_WARN_QUOTED_INCLUDE_IN_FRAMEWORK_HEADER = YES;
				CLANG_WARN_RANGE_LOOP_ANALYSIS = YES;
				CLANG_WARN_STRICT_PROTOTYPES = YES;
				CLANG_WARN_SUSPICIOUS_MOVE = YES;
				CLANG_WARN_UNGUARDED_AVAILABILITY = YES_AGGRESSIVE;
				CLANG_WARN_UNREACHABLE_CODE = YES;
				CLANG_WARN__DUPLICATE_METHOD_MATCH = YES;
				COPY_PHASE_STRIP = NO;
				DEBUG_INFORMATION_FORMAT = "dwarf-with-dsym";
				ENABLE_NS_ASSERTIONS = NO;
				ENABLE_STRICT_OBJC_MSGSEND = YES;
				GCC_C_LANGUAGE_STANDARD = gnu11;
				GCC_NO_COMMON_BLOCKS = YES;
				GCC_WARN_64_TO_32_BIT_CONVERSION = YES;
				GCC_WARN_ABOUT_RETURN_TYPE = YES_ERROR;
				GCC_WARN_UNDECLARED_SELECTOR = YES;
				GCC_WARN_UNINITIALIZED_AUTOS = YES_AGGRESSIVE;
				GCC_WARN_UNUSED_FUNCTION = YES;
				GCC_WARN_UNUSED_VARIABLE = YES;
				IPHONEOS_DEPLOYMENT_TARGET = 14.4;
				MTL_ENABLE_DEBUG_INFO = NO;
				MTL_FAST_MATH = YES;
				SDKROOT = iphoneos;
				SWIFT_COMPILATION_MODE = wholemodule;
				SWIFT_OPTIMIZATION_LEVEL = "-O";
				VALIDATE_PRODUCT = YES;
			};
			name = Release;
		};
		AD7F1253261CB00100EB09F7 /* Debug */ = {
			isa = XCBuildConfiguration;
			baseConfigurationReference = F64D04F4C9895D15AA575D8F /* Pods-Zakshop.debug.xcconfig */;
			buildSettings = {
				ASSETCATALOG_COMPILER_APPICON_NAME = AppIcon;
				ASSETCATALOG_COMPILER_GLOBAL_ACCENT_COLOR_NAME = AccentColor;
				CODE_SIGN_IDENTITY = "Apple Development";
				CODE_SIGN_STYLE = Automatic;
				CURRENT_PROJECT_VERSION = 1;
				DEVELOPMENT_TEAM = J4B53B6TAD;
				INFOPLIST_FILE = "$(SRCROOT)/Zakshop/Info.plist";
				LD_RUNPATH_SEARCH_PATHS = (
					"$(inherited)",
					"@executable_path/Frameworks",
				);
				PRODUCT_BUNDLE_IDENTIFIER = ru.zakirovweb.Zakshop;
				PRODUCT_NAME = "$(TARGET_NAME)";
				PROVISIONING_PROFILE_SPECIFIER = "";
				SWIFT_VERSION = 5.0;
				TARGETED_DEVICE_FAMILY = "1,2";
				VERSIONING_SYSTEM = "apple-generic";
			};
			name = Debug;
		};
		AD7F1254261CB00100EB09F7 /* Release */ = {
			isa = XCBuildConfiguration;
			baseConfigurationReference = F81D3997DE7F11B63C1D6D6A /* Pods-Zakshop.release.xcconfig */;
			buildSettings = {
				ASSETCATALOG_COMPILER_APPICON_NAME = AppIcon;
				ASSETCATALOG_COMPILER_GLOBAL_ACCENT_COLOR_NAME = AccentColor;
				CODE_SIGN_IDENTITY = "Apple Development";
				CODE_SIGN_STYLE = Automatic;
				CURRENT_PROJECT_VERSION = 1;
				DEVELOPMENT_TEAM = J4B53B6TAD;
				INFOPLIST_FILE = "$(SRCROOT)/Zakshop/Info.plist";
				LD_RUNPATH_SEARCH_PATHS = (
					"$(inherited)",
					"@executable_path/Frameworks",
				);
				PRODUCT_BUNDLE_IDENTIFIER = ru.zakirovweb.Zakshop;
				PRODUCT_NAME = "$(TARGET_NAME)";
				PROVISIONING_PROFILE_SPECIFIER = "";
				SWIFT_VERSION = 5.0;
				TARGETED_DEVICE_FAMILY = "1,2";
				VERSIONING_SYSTEM = "apple-generic";
			};
			name = Release;
		};
		AD7F1256261CB00100EB09F7 /* Debug */ = {
			isa = XCBuildConfiguration;
			baseConfigurationReference = 1083DA55A2129D462F75542F /* Pods-ZakshopTests.debug.xcconfig */;
			buildSettings = {
				ALWAYS_EMBED_SWIFT_STANDARD_LIBRARIES = YES;
				BUNDLE_LOADER = "$(TEST_HOST)";
				CODE_SIGN_STYLE = Automatic;
				DEVELOPMENT_TEAM = J4B53B6TAD;
				INFOPLIST_FILE = ZakshopTests/Info.plist;
				IPHONEOS_DEPLOYMENT_TARGET = 14.4;
				LD_RUNPATH_SEARCH_PATHS = (
					"$(inherited)",
					"@executable_path/Frameworks",
					"@loader_path/Frameworks",
				);
				PRODUCT_BUNDLE_IDENTIFIER = ru.zakirovweb.ZakshopTests;
				PRODUCT_NAME = "$(TARGET_NAME)";
				SWIFT_VERSION = 5.0;
				TARGETED_DEVICE_FAMILY = "1,2";
				TEST_HOST = "$(BUILT_PRODUCTS_DIR)/Zakshop.app/Zakshop";
			};
			name = Debug;
		};
		AD7F1257261CB00100EB09F7 /* Release */ = {
			isa = XCBuildConfiguration;
			baseConfigurationReference = 00A2B2BA372CB87792E86674 /* Pods-ZakshopTests.release.xcconfig */;
			buildSettings = {
				ALWAYS_EMBED_SWIFT_STANDARD_LIBRARIES = YES;
				BUNDLE_LOADER = "$(TEST_HOST)";
				CODE_SIGN_STYLE = Automatic;
				DEVELOPMENT_TEAM = J4B53B6TAD;
				INFOPLIST_FILE = ZakshopTests/Info.plist;
				IPHONEOS_DEPLOYMENT_TARGET = 14.4;
				LD_RUNPATH_SEARCH_PATHS = (
					"$(inherited)",
					"@executable_path/Frameworks",
					"@loader_path/Frameworks",
				);
				PRODUCT_BUNDLE_IDENTIFIER = ru.zakirovweb.ZakshopTests;
				PRODUCT_NAME = "$(TARGET_NAME)";
				SWIFT_VERSION = 5.0;
				TARGETED_DEVICE_FAMILY = "1,2";
				TEST_HOST = "$(BUILT_PRODUCTS_DIR)/Zakshop.app/Zakshop";
			};
			name = Release;
		};
		AD7F1259261CB00100EB09F7 /* Debug */ = {
			isa = XCBuildConfiguration;
			baseConfigurationReference = 0577A25F28436956DC0B71EF /* Pods-Zakshop-ZakshopUITests.debug.xcconfig */;
			buildSettings = {
				ALWAYS_EMBED_SWIFT_STANDARD_LIBRARIES = YES;
				CODE_SIGN_STYLE = Automatic;
				DEVELOPMENT_TEAM = J4B53B6TAD;
				INFOPLIST_FILE = ZakshopUITests/Info.plist;
				LD_RUNPATH_SEARCH_PATHS = (
					"$(inherited)",
					"@executable_path/Frameworks",
					"@loader_path/Frameworks",
				);
				PRODUCT_BUNDLE_IDENTIFIER = ru.zakirovweb.ZakshopUITests;
				PRODUCT_NAME = "$(TARGET_NAME)";
				SWIFT_VERSION = 5.0;
				TARGETED_DEVICE_FAMILY = "1,2";
				TEST_TARGET_NAME = Zakshop;
			};
			name = Debug;
		};
		AD7F125A261CB00100EB09F7 /* Release */ = {
			isa = XCBuildConfiguration;
			baseConfigurationReference = 6A051EBCADEE906E1B9DFE6E /* Pods-Zakshop-ZakshopUITests.release.xcconfig */;
			buildSettings = {
				ALWAYS_EMBED_SWIFT_STANDARD_LIBRARIES = YES;
				CODE_SIGN_STYLE = Automatic;
				DEVELOPMENT_TEAM = J4B53B6TAD;
				INFOPLIST_FILE = ZakshopUITests/Info.plist;
				LD_RUNPATH_SEARCH_PATHS = (
					"$(inherited)",
					"@executable_path/Frameworks",
					"@loader_path/Frameworks",
				);
				PRODUCT_BUNDLE_IDENTIFIER = ru.zakirovweb.ZakshopUITests;
				PRODUCT_NAME = "$(TARGET_NAME)";
				SWIFT_VERSION = 5.0;
				TARGETED_DEVICE_FAMILY = "1,2";
				TEST_TARGET_NAME = Zakshop;
			};
			name = Release;
		};
/* End XCBuildConfiguration section */

/* Begin XCConfigurationList section */
		AD7F1220261CAFFF00EB09F7 /* Build configuration list for PBXProject "Zakshop" */ = {
			isa = XCConfigurationList;
			buildConfigurations = (
				AD7F1250261CB00100EB09F7 /* Debug */,
				AD7F1251261CB00100EB09F7 /* Release */,
			);
			defaultConfigurationIsVisible = 0;
			defaultConfigurationName = Release;
		};
		AD7F1252261CB00100EB09F7 /* Build configuration list for PBXNativeTarget "Zakshop" */ = {
			isa = XCConfigurationList;
			buildConfigurations = (
				AD7F1253261CB00100EB09F7 /* Debug */,
				AD7F1254261CB00100EB09F7 /* Release */,
			);
			defaultConfigurationIsVisible = 0;
			defaultConfigurationName = Release;
		};
		AD7F1255261CB00100EB09F7 /* Build configuration list for PBXNativeTarget "ZakshopTests" */ = {
			isa = XCConfigurationList;
			buildConfigurations = (
				AD7F1256261CB00100EB09F7 /* Debug */,
				AD7F1257261CB00100EB09F7 /* Release */,
			);
			defaultConfigurationIsVisible = 0;
			defaultConfigurationName = Release;
		};
		AD7F1258261CB00100EB09F7 /* Build configuration list for PBXNativeTarget "ZakshopUITests" */ = {
			isa = XCConfigurationList;
			buildConfigurations = (
				AD7F1259261CB00100EB09F7 /* Debug */,
				AD7F125A261CB00100EB09F7 /* Release */,
			);
			defaultConfigurationIsVisible = 0;
			defaultConfigurationName = Release;
		};
/* End XCConfigurationList section */

/* Begin XCVersionGroup section */
		AD7F1231261CAFFF00EB09F7 /* Chiff.xcdatamodeld */ = {
			isa = XCVersionGroup;
			children = (
				AD7F1232261CAFFF00EB09F7 /* Chiff.xcdatamodel */,
			);
			currentVersion = AD7F1232261CAFFF00EB09F7 /* Chiff.xcdatamodel */;
			path = Chiff.xcdatamodeld;
			sourceTree = "<group>";
			versionGroupType = wrapper.xcdatamodel;
		};
/* End XCVersionGroup section */
	};
	rootObject = AD7F121D261CAFFF00EB09F7 /* Project object */;
}
